{
  "version": 4,
  "terraform_version": "1.6.4",
  "serial": 662,
  "lineage": "cd710fcf-e085-ffb2-44a0-d710263f62be",
  "outputs": {
    "backup_reserved_external_ip": {
      "value": "34.38.71.234",
      "type": "string"
    },
    "backup_reserved_internal_ip": {
      "value": "10.132.12.34",
      "type": "string"
    },
    "mgr_reserved_external_ip": {
      "value": "35.205.143.250",
      "type": "string"
    },
    "mgr_reserved_internal_ip": {
      "value": "10.132.12.36",
      "type": "string"
    },
    "mon_reserved_external_ip": {
      "value": "130.211.80.138",
      "type": "string"
    },
    "mon_reserved_internal_ip": {
      "value": "10.132.12.33",
      "type": "string"
    },
    "osd_reserved_external_ips": {
      "value": [
        "35.190.203.36",
        "146.148.19.117"
      ],
      "type": [
        "tuple",
        [
          "string",
          "string"
        ]
      ]
    },
    "osd_reserved_internal_ips": {
      "value": [
        "10.132.12.32",
        "10.132.12.35"
      ],
      "type": [
        "tuple",
        [
          "string",
          "string"
        ]
      ]
    },
    "rbd_reserved_external_ip": {
      "value": "34.34.179.104",
      "type": "string"
    },
    "rbd_reserved_internal_ip": {
      "value": "10.132.12.31",
      "type": "string"
    }
  },
  "resources": [
    {
      "mode": "data",
      "type": "template_file",
      "name": "cephadm_config",
      "provider": "provider[\"registry.terraform.io/hashicorp/template\"]",
      "instances": [
        {
          "schema_version": 0,
          "attributes": {
            "filename": null,
            "id": "3216f1f7c62e613e819db6b152c6f7a0bbf0b90cb5342ae899f89d8ff1477aca",
            "rendered": "# cephadm-config.yaml.tpl\n\nosd:\n  count: 2\n  hosts:\n    - 35.190.203.36\n    - 146.148.19.117\n\nmon:\n  count: 1\n  hosts:\n    - 130.211.80.138\n\nmgr:\n  count: 1\n  hosts:\n    - 35.205.143.250\n\nrbd:\n  count: 1\n  hosts:\n    - 34.34.179.104",
            "template": "# cephadm-config.yaml.tpl\n\nosd:\n  count: ${osd_instance_count}\n  hosts:\n    - ${osd_host_1}\n    - ${osd_host_2}\n\nmon:\n  count: 1\n  hosts:\n    - ${mon_host}\n\nmgr:\n  count: 1\n  hosts:\n    - ${mgr_host}\n\nrbd:\n  count: 1\n  hosts:\n    - ${rbd_host}",
            "vars": {
              "mgr_host": "35.205.143.250",
              "mon_host": "130.211.80.138",
              "osd_host_1": "35.190.203.36",
              "osd_host_2": "146.148.19.117",
              "osd_instance_count": "2",
              "rbd_host": "34.34.179.104"
            }
          },
          "sensitive_attributes": []
        }
      ]
    },
    {
      "mode": "managed",
      "type": "google_compute_firewall",
      "name": "ceph_cluster",
      "provider": "provider[\"registry.terraform.io/hashicorp/google\"]",
      "instances": [
        {
          "schema_version": 1,
          "attributes": {
            "allow": [
              {
                "ports": [
                  "3300"
                ],
                "protocol": "tcp"
              }
            ],
            "creation_timestamp": "2023-11-26T02:14:29.118-08:00",
            "deny": [],
            "description": "",
            "destination_ranges": [],
            "direction": "INGRESS",
            "disabled": false,
            "enable_logging": null,
            "id": "projects/sys-admin-project-402817/global/firewalls/ceph-cluster-firewall",
            "log_config": [],
            "name": "ceph-cluster-firewall",
            "network": "https://www.googleapis.com/compute/v1/projects/sys-admin-project-402817/global/networks/my-vpc",
            "priority": 1000,
            "project": "sys-admin-project-402817",
            "self_link": "https://www.googleapis.com/compute/v1/projects/sys-admin-project-402817/global/firewalls/ceph-cluster-firewall",
            "source_ranges": [
              "0.0.0.0/0"
            ],
            "source_service_accounts": null,
            "source_tags": null,
            "target_service_accounts": null,
            "target_tags": [
              "ceph-nodes"
            ],
            "timeouts": null
          },
          "sensitive_attributes": [],
          "private": "eyJlMmJmYjczMC1lY2FhLTExZTYtOGY4OC0zNDM2M2JjN2M0YzAiOnsiY3JlYXRlIjoxMjAwMDAwMDAwMDAwLCJkZWxldGUiOjEyMDAwMDAwMDAwMDAsInVwZGF0ZSI6MTIwMDAwMDAwMDAwMH0sInNjaGVtYV92ZXJzaW9uIjoiMSJ9",
          "dependencies": [
            "google_compute_network.my_vpc"
          ]
        }
      ]
    },
    {
      "mode": "managed",
      "type": "google_compute_network",
      "name": "my_vpc",
      "provider": "provider[\"registry.terraform.io/hashicorp/google\"]",
      "instances": [
        {
          "schema_version": 0,
          "attributes": {
            "auto_create_subnetworks": false,
            "delete_default_routes_on_create": false,
            "description": "",
            "enable_ula_internal_ipv6": false,
            "gateway_ipv4": "",
            "id": "projects/sys-admin-project-402817/global/networks/my-vpc",
            "internal_ipv6_range": "",
            "mtu": 0,
            "name": "my-vpc",
            "network_firewall_policy_enforcement_order": "AFTER_CLASSIC_FIREWALL",
            "project": "sys-admin-project-402817",
            "routing_mode": "REGIONAL",
            "self_link": "https://www.googleapis.com/compute/v1/projects/sys-admin-project-402817/global/networks/my-vpc",
            "timeouts": null
          },
          "sensitive_attributes": [],
          "private": "eyJlMmJmYjczMC1lY2FhLTExZTYtOGY4OC0zNDM2M2JjN2M0YzAiOnsiY3JlYXRlIjoxMjAwMDAwMDAwMDAwLCJkZWxldGUiOjEyMDAwMDAwMDAwMDAsInVwZGF0ZSI6MTIwMDAwMDAwMDAwMH19"
        }
      ]
    },
    {
      "mode": "managed",
      "type": "google_compute_subnetwork",
      "name": "my_subnetwork",
      "provider": "provider[\"registry.terraform.io/hashicorp/google\"]",
      "instances": [
        {
          "schema_version": 0,
          "attributes": {
            "creation_timestamp": "2023-11-26T02:14:29.775-08:00",
            "description": "",
            "external_ipv6_prefix": "",
            "fingerprint": null,
            "gateway_address": "10.0.1.1",
            "id": "projects/sys-admin-project-402817/regions/europe-west1/subnetworks/my-subnetwork",
            "internal_ipv6_prefix": "",
            "ip_cidr_range": "10.0.1.0/24",
            "ipv6_access_type": "",
            "ipv6_cidr_range": "",
            "log_config": [],
            "name": "my-subnetwork",
            "network": "https://www.googleapis.com/compute/v1/projects/sys-admin-project-402817/global/networks/my-vpc",
            "private_ip_google_access": true,
            "private_ipv6_google_access": "DISABLE_GOOGLE_ACCESS",
            "project": "sys-admin-project-402817",
            "purpose": "PRIVATE",
            "region": "europe-west1",
            "role": "",
            "secondary_ip_range": [],
            "self_link": "https://www.googleapis.com/compute/v1/projects/sys-admin-project-402817/regions/europe-west1/subnetworks/my-subnetwork",
            "stack_type": "IPV4_ONLY",
            "timeouts": null
          },
          "sensitive_attributes": [],
          "private": "eyJlMmJmYjczMC1lY2FhLTExZTYtOGY4OC0zNDM2M2JjN2M0YzAiOnsiY3JlYXRlIjoxMjAwMDAwMDAwMDAwLCJkZWxldGUiOjEyMDAwMDAwMDAwMDAsInVwZGF0ZSI6MTIwMDAwMDAwMDAwMH19",
          "dependencies": [
            "google_compute_network.my_vpc"
          ]
        }
      ]
    },
    {
      "mode": "managed",
      "type": "local_file",
      "name": "cephadm_config_file",
      "provider": "provider[\"registry.terraform.io/hashicorp/local\"]",
      "instances": [
        {
          "schema_version": 0,
          "attributes": {
            "content": "# cephadm-config.yaml.tpl\n\nosd:\n  count: 2\n  hosts:\n    - 35.190.203.36\n    - 146.148.19.117\n\nmon:\n  count: 1\n  hosts:\n    - 130.211.80.138\n\nmgr:\n  count: 1\n  hosts:\n    - 35.205.143.250\n\nrbd:\n  count: 1\n  hosts:\n    - 34.34.179.104",
            "content_base64": null,
            "content_base64sha256": "Mhbx98YuYT6BnbaxUsb3oLvwuQy1NCromfidj/FHeso=",
            "content_base64sha512": "VsXI34IfS5t2/on3RgZCqvJYp0qO8GORdzMyDqm0vsDHxYAbz8JbISnNW7HNPColrYkVDeU58uWqgvtOvDsJQw==",
            "content_md5": "ddd0be7627ae7b9fb3d7ec463410ebbd",
            "content_sha1": "c4659041c5361454ae5f1a61e41e7122af59f7e2",
            "content_sha256": "3216f1f7c62e613e819db6b152c6f7a0bbf0b90cb5342ae899f89d8ff1477aca",
            "content_sha512": "56c5c8df821f4b9b76fe89f7460642aaf258a74a8ef063917733320ea9b4bec0c7c5801bcfc25b2129cd5bb1cd3c2a25ad89150de539f2e5aa82fb4ebc3b0943",
            "directory_permission": "0777",
            "file_permission": "0777",
            "filename": "cephadm-config.yaml",
            "id": "c4659041c5361454ae5f1a61e41e7122af59f7e2",
            "sensitive_content": null,
            "source": null
          },
          "sensitive_attributes": [],
          "dependencies": [
            "data.template_file.cephadm_config",
            "module.mgr.google_compute_address.mgr_reserved_external_ip",
            "module.mon.google_compute_address.mon_reserved_external_ip",
            "module.osd.google_compute_address.osd_reserved_external_ip",
            "module.rbd.google_compute_address.rbd_reserved_external_ip"
          ]
        }
      ]
    },
    {
      "module": "module.backup",
      "mode": "managed",
      "type": "google_compute_address",
      "name": "backup_reserved_external_ip",
      "provider": "provider[\"registry.terraform.io/hashicorp/google\"]",
      "instances": [
        {
          "schema_version": 0,
          "attributes": {
            "address": "34.38.71.234",
            "address_type": "EXTERNAL",
            "creation_timestamp": "2023-11-26T02:14:06.678-08:00",
            "description": "",
            "effective_labels": {},
            "id": "projects/sys-admin-project-402817/regions/europe-west1/addresses/backup-reserved-external-ip",
            "ip_version": "",
            "ipv6_endpoint_type": "",
            "label_fingerprint": "42WmSpB8rSM=",
            "labels": null,
            "name": "backup-reserved-external-ip",
            "network": "",
            "network_tier": "PREMIUM",
            "prefix_length": 0,
            "project": "sys-admin-project-402817",
            "purpose": "",
            "region": "europe-west1",
            "self_link": "https://www.googleapis.com/compute/v1/projects/sys-admin-project-402817/regions/europe-west1/addresses/backup-reserved-external-ip",
            "subnetwork": "",
            "terraform_labels": {},
            "timeouts": null,
            "users": []
          },
          "sensitive_attributes": [],
          "private": "eyJlMmJmYjczMC1lY2FhLTExZTYtOGY4OC0zNDM2M2JjN2M0YzAiOnsiY3JlYXRlIjoxMjAwMDAwMDAwMDAwLCJkZWxldGUiOjEyMDAwMDAwMDAwMDAsInVwZGF0ZSI6MTIwMDAwMDAwMDAwMH19"
        }
      ]
    },
    {
      "module": "module.backup",
      "mode": "managed",
      "type": "google_compute_address",
      "name": "backup_reserved_internal_ip",
      "provider": "provider[\"registry.terraform.io/hashicorp/google\"]",
      "instances": [
        {
          "schema_version": 0,
          "attributes": {
            "address": "10.132.12.34",
            "address_type": "INTERNAL",
            "creation_timestamp": "2023-11-26T02:14:06.692-08:00",
            "description": "",
            "effective_labels": {},
            "id": "projects/sys-admin-project-402817/regions/europe-west1/addresses/backup-reserved-internal-ip",
            "ip_version": "",
            "ipv6_endpoint_type": "",
            "label_fingerprint": "42WmSpB8rSM=",
            "labels": null,
            "name": "backup-reserved-internal-ip",
            "network": "",
            "network_tier": "PREMIUM",
            "prefix_length": 0,
            "project": "sys-admin-project-402817",
            "purpose": "GCE_ENDPOINT",
            "region": "europe-west1",
            "self_link": "https://www.googleapis.com/compute/v1/projects/sys-admin-project-402817/regions/europe-west1/addresses/backup-reserved-internal-ip",
            "subnetwork": "https://www.googleapis.com/compute/v1/projects/sys-admin-project-402817/regions/europe-west1/subnetworks/default",
            "terraform_labels": {},
            "timeouts": null,
            "users": []
          },
          "sensitive_attributes": [],
          "private": "eyJlMmJmYjczMC1lY2FhLTExZTYtOGY4OC0zNDM2M2JjN2M0YzAiOnsiY3JlYXRlIjoxMjAwMDAwMDAwMDAwLCJkZWxldGUiOjEyMDAwMDAwMDAwMDAsInVwZGF0ZSI6MTIwMDAwMDAwMDAwMH19"
        }
      ]
    },
    {
      "module": "module.backup",
      "mode": "managed",
      "type": "google_compute_instance",
      "name": "backup_instance",
      "provider": "provider[\"registry.terraform.io/hashicorp/google\"]",
      "instances": [
        {
          "schema_version": 6,
          "attributes": {
            "advanced_machine_features": [],
            "allow_stopping_for_update": null,
            "attached_disk": [],
            "boot_disk": [
              {
                "auto_delete": true,
                "device_name": "persistent-disk-0",
                "disk_encryption_key_raw": "",
                "disk_encryption_key_sha256": "",
                "initialize_params": [
                  {
                    "image": "https://www.googleapis.com/compute/v1/projects/ubuntu-os-cloud/global/images/ubuntu-2004-focal-v20231101",
                    "labels": {},
                    "resource_manager_tags": null,
                    "size": 10,
                    "type": "pd-standard"
                  }
                ],
                "kms_key_self_link": "",
                "mode": "READ_WRITE",
                "source": "https://www.googleapis.com/compute/v1/projects/sys-admin-project-402817/zones/europe-west1-b/disks/ceph-backup-server"
              }
            ],
            "can_ip_forward": false,
            "confidential_instance_config": [],
            "cpu_platform": "Intel Broadwell",
            "current_status": "RUNNING",
            "deletion_protection": false,
            "description": "",
            "desired_status": null,
            "effective_labels": {},
            "enable_display": false,
            "guest_accelerator": [],
            "hostname": "",
            "id": "projects/sys-admin-project-402817/zones/europe-west1-b/instances/ceph-backup-server",
            "instance_id": "2896909226159809685",
            "label_fingerprint": "42WmSpB8rSM=",
            "labels": null,
            "machine_type": "e2-medium",
            "metadata": null,
            "metadata_fingerprint": "zGqVllLhp8Q=",
            "metadata_startup_script": null,
            "min_cpu_platform": "",
            "name": "ceph-backup-server",
            "network_interface": [
              {
                "access_config": [
                  {
                    "nat_ip": "34.38.71.234",
                    "network_tier": "PREMIUM",
                    "public_ptr_domain_name": ""
                  }
                ],
                "alias_ip_range": [],
                "internal_ipv6_prefix_length": 0,
                "ipv6_access_config": [],
                "ipv6_access_type": "",
                "ipv6_address": "",
                "name": "nic0",
                "network": "https://www.googleapis.com/compute/v1/projects/sys-admin-project-402817/global/networks/default",
                "network_ip": "10.132.12.34",
                "nic_type": "",
                "queue_count": 0,
                "stack_type": "IPV4_ONLY",
                "subnetwork": "https://www.googleapis.com/compute/v1/projects/sys-admin-project-402817/regions/europe-west1/subnetworks/default",
                "subnetwork_project": "sys-admin-project-402817"
              }
            ],
            "network_performance_config": [],
            "params": [],
            "project": "sys-admin-project-402817",
            "reservation_affinity": [],
            "resource_policies": null,
            "scheduling": [
              {
                "automatic_restart": true,
                "instance_termination_action": "",
                "local_ssd_recovery_timeout": [],
                "min_node_cpus": 0,
                "node_affinities": [],
                "on_host_maintenance": "MIGRATE",
                "preemptible": false,
                "provisioning_model": "STANDARD"
              }
            ],
            "scratch_disk": [],
            "self_link": "https://www.googleapis.com/compute/v1/projects/sys-admin-project-402817/zones/europe-west1-b/instances/ceph-backup-server",
            "service_account": [],
            "shielded_instance_config": [
              {
                "enable_integrity_monitoring": true,
                "enable_secure_boot": false,
                "enable_vtpm": true
              }
            ],
            "tags": null,
            "tags_fingerprint": "42WmSpB8rSM=",
            "terraform_labels": {},
            "timeouts": null,
            "zone": "europe-west1-b"
          },
          "sensitive_attributes": [],
          "private": "eyJlMmJmYjczMC1lY2FhLTExZTYtOGY4OC0zNDM2M2JjN2M0YzAiOnsiY3JlYXRlIjoxMjAwMDAwMDAwMDAwLCJkZWxldGUiOjEyMDAwMDAwMDAwMDAsInVwZGF0ZSI6MTIwMDAwMDAwMDAwMH0sInNjaGVtYV92ZXJzaW9uIjoiNiJ9",
          "dependencies": [
            "module.backup.google_compute_address.backup_reserved_external_ip",
            "module.backup.google_compute_address.backup_reserved_internal_ip"
          ]
        }
      ]
    },
    {
      "module": "module.mgr",
      "mode": "managed",
      "type": "google_compute_address",
      "name": "mgr_reserved_external_ip",
      "provider": "provider[\"registry.terraform.io/hashicorp/google\"]",
      "instances": [
        {
          "schema_version": 0,
          "attributes": {
            "address": "35.205.143.250",
            "address_type": "EXTERNAL",
            "creation_timestamp": "2023-11-26T02:14:06.730-08:00",
            "description": "",
            "effective_labels": {},
            "id": "projects/sys-admin-project-402817/regions/europe-west1/addresses/mgr-reserved-external-ip",
            "ip_version": "",
            "ipv6_endpoint_type": "",
            "label_fingerprint": "42WmSpB8rSM=",
            "labels": null,
            "name": "mgr-reserved-external-ip",
            "network": "",
            "network_tier": "PREMIUM",
            "prefix_length": 0,
            "project": "sys-admin-project-402817",
            "purpose": "",
            "region": "europe-west1",
            "self_link": "https://www.googleapis.com/compute/v1/projects/sys-admin-project-402817/regions/europe-west1/addresses/mgr-reserved-external-ip",
            "subnetwork": "",
            "terraform_labels": {},
            "timeouts": null,
            "users": []
          },
          "sensitive_attributes": [],
          "private": "eyJlMmJmYjczMC1lY2FhLTExZTYtOGY4OC0zNDM2M2JjN2M0YzAiOnsiY3JlYXRlIjoxMjAwMDAwMDAwMDAwLCJkZWxldGUiOjEyMDAwMDAwMDAwMDAsInVwZGF0ZSI6MTIwMDAwMDAwMDAwMH19"
        }
      ]
    },
    {
      "module": "module.mgr",
      "mode": "managed",
      "type": "google_compute_address",
      "name": "mgr_reserved_internal_ip",
      "provider": "provider[\"registry.terraform.io/hashicorp/google\"]",
      "instances": [
        {
          "schema_version": 0,
          "attributes": {
            "address": "10.132.12.36",
            "address_type": "INTERNAL",
            "creation_timestamp": "2023-11-26T02:14:06.723-08:00",
            "description": "",
            "effective_labels": {},
            "id": "projects/sys-admin-project-402817/regions/europe-west1/addresses/mgr-reserved-internal-ip",
            "ip_version": "",
            "ipv6_endpoint_type": "",
            "label_fingerprint": "42WmSpB8rSM=",
            "labels": null,
            "name": "mgr-reserved-internal-ip",
            "network": "",
            "network_tier": "PREMIUM",
            "prefix_length": 0,
            "project": "sys-admin-project-402817",
            "purpose": "GCE_ENDPOINT",
            "region": "europe-west1",
            "self_link": "https://www.googleapis.com/compute/v1/projects/sys-admin-project-402817/regions/europe-west1/addresses/mgr-reserved-internal-ip",
            "subnetwork": "https://www.googleapis.com/compute/v1/projects/sys-admin-project-402817/regions/europe-west1/subnetworks/default",
            "terraform_labels": {},
            "timeouts": null,
            "users": []
          },
          "sensitive_attributes": [],
          "private": "eyJlMmJmYjczMC1lY2FhLTExZTYtOGY4OC0zNDM2M2JjN2M0YzAiOnsiY3JlYXRlIjoxMjAwMDAwMDAwMDAwLCJkZWxldGUiOjEyMDAwMDAwMDAwMDAsInVwZGF0ZSI6MTIwMDAwMDAwMDAwMH19"
        }
      ]
    },
    {
      "module": "module.mgr",
      "mode": "managed",
      "type": "google_compute_instance",
      "name": "mgr_instance",
      "provider": "provider[\"registry.terraform.io/hashicorp/google\"]",
      "instances": [
        {
          "schema_version": 6,
          "attributes": {
            "advanced_machine_features": [],
            "allow_stopping_for_update": null,
            "attached_disk": [],
            "boot_disk": [
              {
                "auto_delete": true,
                "device_name": "persistent-disk-0",
                "disk_encryption_key_raw": "",
                "disk_encryption_key_sha256": "",
                "initialize_params": [
                  {
                    "image": "https://www.googleapis.com/compute/v1/projects/ubuntu-os-cloud/global/images/ubuntu-2004-focal-v20231101",
                    "labels": {},
                    "resource_manager_tags": null,
                    "size": 10,
                    "type": "pd-standard"
                  }
                ],
                "kms_key_self_link": "",
                "mode": "READ_WRITE",
                "source": "https://www.googleapis.com/compute/v1/projects/sys-admin-project-402817/zones/europe-west1-b/disks/ceph-mgr"
              }
            ],
            "can_ip_forward": false,
            "confidential_instance_config": [],
            "cpu_platform": "Intel Broadwell",
            "current_status": "RUNNING",
            "deletion_protection": false,
            "description": "",
            "desired_status": null,
            "effective_labels": {},
            "enable_display": false,
            "guest_accelerator": [],
            "hostname": "",
            "id": "projects/sys-admin-project-402817/zones/europe-west1-b/instances/ceph-mgr",
            "instance_id": "8265709876207854741",
            "label_fingerprint": "42WmSpB8rSM=",
            "labels": null,
            "machine_type": "e2-medium",
            "metadata": null,
            "metadata_fingerprint": "zGqVllLhp8Q=",
            "metadata_startup_script": null,
            "min_cpu_platform": "",
            "name": "ceph-mgr",
            "network_interface": [
              {
                "access_config": [
                  {
                    "nat_ip": "35.205.143.250",
                    "network_tier": "PREMIUM",
                    "public_ptr_domain_name": ""
                  }
                ],
                "alias_ip_range": [],
                "internal_ipv6_prefix_length": 0,
                "ipv6_access_config": [],
                "ipv6_access_type": "",
                "ipv6_address": "",
                "name": "nic0",
                "network": "https://www.googleapis.com/compute/v1/projects/sys-admin-project-402817/global/networks/default",
                "network_ip": "10.132.12.36",
                "nic_type": "",
                "queue_count": 0,
                "stack_type": "IPV4_ONLY",
                "subnetwork": "https://www.googleapis.com/compute/v1/projects/sys-admin-project-402817/regions/europe-west1/subnetworks/default",
                "subnetwork_project": "sys-admin-project-402817"
              }
            ],
            "network_performance_config": [],
            "params": [],
            "project": "sys-admin-project-402817",
            "reservation_affinity": [],
            "resource_policies": null,
            "scheduling": [
              {
                "automatic_restart": true,
                "instance_termination_action": "",
                "local_ssd_recovery_timeout": [],
                "min_node_cpus": 0,
                "node_affinities": [],
                "on_host_maintenance": "MIGRATE",
                "preemptible": false,
                "provisioning_model": "STANDARD"
              }
            ],
            "scratch_disk": [],
            "self_link": "https://www.googleapis.com/compute/v1/projects/sys-admin-project-402817/zones/europe-west1-b/instances/ceph-mgr",
            "service_account": [],
            "shielded_instance_config": [
              {
                "enable_integrity_monitoring": true,
                "enable_secure_boot": false,
                "enable_vtpm": true
              }
            ],
            "tags": [
              "ceph-nodes"
            ],
            "tags_fingerprint": "fE7w0wKG0kM=",
            "terraform_labels": {},
            "timeouts": null,
            "zone": "europe-west1-b"
          },
          "sensitive_attributes": [],
          "private": "eyJlMmJmYjczMC1lY2FhLTExZTYtOGY4OC0zNDM2M2JjN2M0YzAiOnsiY3JlYXRlIjoxMjAwMDAwMDAwMDAwLCJkZWxldGUiOjEyMDAwMDAwMDAwMDAsInVwZGF0ZSI6MTIwMDAwMDAwMDAwMH0sInNjaGVtYV92ZXJzaW9uIjoiNiJ9",
          "dependencies": [
            "module.mgr.google_compute_address.mgr_reserved_external_ip",
            "module.mgr.google_compute_address.mgr_reserved_internal_ip"
          ]
        }
      ]
    },
    {
      "module": "module.mon",
      "mode": "managed",
      "type": "google_compute_address",
      "name": "mon_reserved_external_ip",
      "provider": "provider[\"registry.terraform.io/hashicorp/google\"]",
      "instances": [
        {
          "schema_version": 0,
          "attributes": {
            "address": "130.211.80.138",
            "address_type": "EXTERNAL",
            "creation_timestamp": "2023-11-26T02:14:17.663-08:00",
            "description": "",
            "effective_labels": {},
            "id": "projects/sys-admin-project-402817/regions/europe-west1/addresses/mon-reserved-external-ip",
            "ip_version": "",
            "ipv6_endpoint_type": "",
            "label_fingerprint": "42WmSpB8rSM=",
            "labels": null,
            "name": "mon-reserved-external-ip",
            "network": "",
            "network_tier": "PREMIUM",
            "prefix_length": 0,
            "project": "sys-admin-project-402817",
            "purpose": "",
            "region": "europe-west1",
            "self_link": "https://www.googleapis.com/compute/v1/projects/sys-admin-project-402817/regions/europe-west1/addresses/mon-reserved-external-ip",
            "subnetwork": "",
            "terraform_labels": {},
            "timeouts": null,
            "users": []
          },
          "sensitive_attributes": [],
          "private": "eyJlMmJmYjczMC1lY2FhLTExZTYtOGY4OC0zNDM2M2JjN2M0YzAiOnsiY3JlYXRlIjoxMjAwMDAwMDAwMDAwLCJkZWxldGUiOjEyMDAwMDAwMDAwMDAsInVwZGF0ZSI6MTIwMDAwMDAwMDAwMH19"
        }
      ]
    },
    {
      "module": "module.mon",
      "mode": "managed",
      "type": "google_compute_address",
      "name": "mon_reserved_internal_ip",
      "provider": "provider[\"registry.terraform.io/hashicorp/google\"]",
      "instances": [
        {
          "schema_version": 0,
          "attributes": {
            "address": "10.132.12.33",
            "address_type": "INTERNAL",
            "creation_timestamp": "2023-11-26T02:14:06.781-08:00",
            "description": "",
            "effective_labels": {},
            "id": "projects/sys-admin-project-402817/regions/europe-west1/addresses/mon-reserved-internal-ip",
            "ip_version": "",
            "ipv6_endpoint_type": "",
            "label_fingerprint": "42WmSpB8rSM=",
            "labels": null,
            "name": "mon-reserved-internal-ip",
            "network": "",
            "network_tier": "PREMIUM",
            "prefix_length": 0,
            "project": "sys-admin-project-402817",
            "purpose": "GCE_ENDPOINT",
            "region": "europe-west1",
            "self_link": "https://www.googleapis.com/compute/v1/projects/sys-admin-project-402817/regions/europe-west1/addresses/mon-reserved-internal-ip",
            "subnetwork": "https://www.googleapis.com/compute/v1/projects/sys-admin-project-402817/regions/europe-west1/subnetworks/default",
            "terraform_labels": {},
            "timeouts": null,
            "users": []
          },
          "sensitive_attributes": [],
          "private": "eyJlMmJmYjczMC1lY2FhLTExZTYtOGY4OC0zNDM2M2JjN2M0YzAiOnsiY3JlYXRlIjoxMjAwMDAwMDAwMDAwLCJkZWxldGUiOjEyMDAwMDAwMDAwMDAsInVwZGF0ZSI6MTIwMDAwMDAwMDAwMH19"
        }
      ]
    },
    {
      "module": "module.mon",
      "mode": "managed",
      "type": "google_compute_instance",
      "name": "mon_instance",
      "provider": "provider[\"registry.terraform.io/hashicorp/google\"]",
      "instances": [
        {
          "schema_version": 6,
          "attributes": {
            "advanced_machine_features": [],
            "allow_stopping_for_update": null,
            "attached_disk": [],
            "boot_disk": [
              {
                "auto_delete": true,
                "device_name": "persistent-disk-0",
                "disk_encryption_key_raw": "",
                "disk_encryption_key_sha256": "",
                "initialize_params": [
                  {
                    "image": "https://www.googleapis.com/compute/v1/projects/ubuntu-os-cloud/global/images/ubuntu-2004-focal-v20231101",
                    "labels": {},
                    "resource_manager_tags": null,
                    "size": 10,
                    "type": "pd-standard"
                  }
                ],
                "kms_key_self_link": "",
                "mode": "READ_WRITE",
                "source": "https://www.googleapis.com/compute/v1/projects/sys-admin-project-402817/zones/europe-west1-b/disks/ceph-mon"
              }
            ],
            "can_ip_forward": false,
            "confidential_instance_config": [],
            "cpu_platform": "Intel Broadwell",
            "current_status": "RUNNING",
            "deletion_protection": false,
            "description": "",
            "desired_status": null,
            "effective_labels": {},
            "enable_display": false,
            "guest_accelerator": [],
            "hostname": "",
            "id": "projects/sys-admin-project-402817/zones/europe-west1-b/instances/ceph-mon",
            "instance_id": "3746370198719865962",
            "label_fingerprint": "42WmSpB8rSM=",
            "labels": null,
            "machine_type": "e2-medium",
            "metadata": null,
            "metadata_fingerprint": "CtEuF66jE9Y=",
            "metadata_startup_script": "#!/bin/bash\n\n# Update package lists\napt-get update\n\n# Install cephadm\nsudo apt install -y ceph cephadm",
            "min_cpu_platform": "",
            "name": "ceph-mon",
            "network_interface": [
              {
                "access_config": [
                  {
                    "nat_ip": "130.211.80.138",
                    "network_tier": "PREMIUM",
                    "public_ptr_domain_name": ""
                  }
                ],
                "alias_ip_range": [],
                "internal_ipv6_prefix_length": 0,
                "ipv6_access_config": [],
                "ipv6_access_type": "",
                "ipv6_address": "",
                "name": "nic0",
                "network": "https://www.googleapis.com/compute/v1/projects/sys-admin-project-402817/global/networks/default",
                "network_ip": "10.132.12.33",
                "nic_type": "",
                "queue_count": 0,
                "stack_type": "IPV4_ONLY",
                "subnetwork": "https://www.googleapis.com/compute/v1/projects/sys-admin-project-402817/regions/europe-west1/subnetworks/default",
                "subnetwork_project": "sys-admin-project-402817"
              }
            ],
            "network_performance_config": [],
            "params": [],
            "project": "sys-admin-project-402817",
            "reservation_affinity": [],
            "resource_policies": null,
            "scheduling": [
              {
                "automatic_restart": true,
                "instance_termination_action": "",
                "local_ssd_recovery_timeout": [],
                "min_node_cpus": 0,
                "node_affinities": [],
                "on_host_maintenance": "MIGRATE",
                "preemptible": false,
                "provisioning_model": "STANDARD"
              }
            ],
            "scratch_disk": [],
            "self_link": "https://www.googleapis.com/compute/v1/projects/sys-admin-project-402817/zones/europe-west1-b/instances/ceph-mon",
            "service_account": [],
            "shielded_instance_config": [
              {
                "enable_integrity_monitoring": true,
                "enable_secure_boot": false,
                "enable_vtpm": true
              }
            ],
            "tags": [
              "ceph-nodes"
            ],
            "tags_fingerprint": "fE7w0wKG0kM=",
            "terraform_labels": {},
            "timeouts": null,
            "zone": "europe-west1-b"
          },
          "sensitive_attributes": [],
          "private": "eyJlMmJmYjczMC1lY2FhLTExZTYtOGY4OC0zNDM2M2JjN2M0YzAiOnsiY3JlYXRlIjoxMjAwMDAwMDAwMDAwLCJkZWxldGUiOjEyMDAwMDAwMDAwMDAsInVwZGF0ZSI6MTIwMDAwMDAwMDAwMH0sInNjaGVtYV92ZXJzaW9uIjoiNiJ9",
          "dependencies": [
            "module.mon.google_compute_address.mon_reserved_external_ip",
            "module.mon.google_compute_address.mon_reserved_internal_ip"
          ]
        }
      ]
    },
    {
      "module": "module.osd",
      "mode": "managed",
      "type": "google_compute_address",
      "name": "osd_reserved_external_ip",
      "provider": "provider[\"registry.terraform.io/hashicorp/google\"]",
      "instances": [
        {
          "index_key": 0,
          "schema_version": 0,
          "attributes": {
            "address": "35.190.203.36",
            "address_type": "EXTERNAL",
            "creation_timestamp": "2023-11-26T02:14:06.718-08:00",
            "description": "",
            "effective_labels": {},
            "id": "projects/sys-admin-project-402817/regions/europe-west1/addresses/osd-reserved-external-ip-0",
            "ip_version": "",
            "ipv6_endpoint_type": "",
            "label_fingerprint": "42WmSpB8rSM=",
            "labels": null,
            "name": "osd-reserved-external-ip-0",
            "network": "",
            "network_tier": "PREMIUM",
            "prefix_length": 0,
            "project": "sys-admin-project-402817",
            "purpose": "",
            "region": "europe-west1",
            "self_link": "https://www.googleapis.com/compute/v1/projects/sys-admin-project-402817/regions/europe-west1/addresses/osd-reserved-external-ip-0",
            "subnetwork": "",
            "terraform_labels": {},
            "timeouts": null,
            "users": []
          },
          "sensitive_attributes": [],
          "private": "eyJlMmJmYjczMC1lY2FhLTExZTYtOGY4OC0zNDM2M2JjN2M0YzAiOnsiY3JlYXRlIjoxMjAwMDAwMDAwMDAwLCJkZWxldGUiOjEyMDAwMDAwMDAwMDAsInVwZGF0ZSI6MTIwMDAwMDAwMDAwMH19"
        },
        {
          "index_key": 1,
          "schema_version": 0,
          "attributes": {
            "address": "146.148.19.117",
            "address_type": "EXTERNAL",
            "creation_timestamp": "2023-11-26T02:14:17.699-08:00",
            "description": "",
            "effective_labels": {},
            "id": "projects/sys-admin-project-402817/regions/europe-west1/addresses/osd-reserved-external-ip-1",
            "ip_version": "",
            "ipv6_endpoint_type": "",
            "label_fingerprint": "42WmSpB8rSM=",
            "labels": null,
            "name": "osd-reserved-external-ip-1",
            "network": "",
            "network_tier": "PREMIUM",
            "prefix_length": 0,
            "project": "sys-admin-project-402817",
            "purpose": "",
            "region": "europe-west1",
            "self_link": "https://www.googleapis.com/compute/v1/projects/sys-admin-project-402817/regions/europe-west1/addresses/osd-reserved-external-ip-1",
            "subnetwork": "",
            "terraform_labels": {},
            "timeouts": null,
            "users": []
          },
          "sensitive_attributes": [],
          "private": "eyJlMmJmYjczMC1lY2FhLTExZTYtOGY4OC0zNDM2M2JjN2M0YzAiOnsiY3JlYXRlIjoxMjAwMDAwMDAwMDAwLCJkZWxldGUiOjEyMDAwMDAwMDAwMDAsInVwZGF0ZSI6MTIwMDAwMDAwMDAwMH19"
        }
      ]
    },
    {
      "module": "module.osd",
      "mode": "managed",
      "type": "google_compute_address",
      "name": "osd_reserved_internal_ip",
      "provider": "provider[\"registry.terraform.io/hashicorp/google\"]",
      "instances": [
        {
          "index_key": 0,
          "schema_version": 0,
          "attributes": {
            "address": "10.132.12.32",
            "address_type": "INTERNAL",
            "creation_timestamp": "2023-11-26T02:14:06.785-08:00",
            "description": "",
            "effective_labels": {},
            "id": "projects/sys-admin-project-402817/regions/europe-west1/addresses/osd-reserved-internal-ip-0",
            "ip_version": "",
            "ipv6_endpoint_type": "",
            "label_fingerprint": "42WmSpB8rSM=",
            "labels": null,
            "name": "osd-reserved-internal-ip-0",
            "network": "",
            "network_tier": "PREMIUM",
            "prefix_length": 0,
            "project": "sys-admin-project-402817",
            "purpose": "GCE_ENDPOINT",
            "region": "europe-west1",
            "self_link": "https://www.googleapis.com/compute/v1/projects/sys-admin-project-402817/regions/europe-west1/addresses/osd-reserved-internal-ip-0",
            "subnetwork": "https://www.googleapis.com/compute/v1/projects/sys-admin-project-402817/regions/europe-west1/subnetworks/default",
            "terraform_labels": {},
            "timeouts": null,
            "users": []
          },
          "sensitive_attributes": [],
          "private": "eyJlMmJmYjczMC1lY2FhLTExZTYtOGY4OC0zNDM2M2JjN2M0YzAiOnsiY3JlYXRlIjoxMjAwMDAwMDAwMDAwLCJkZWxldGUiOjEyMDAwMDAwMDAwMDAsInVwZGF0ZSI6MTIwMDAwMDAwMDAwMH19"
        },
        {
          "index_key": 1,
          "schema_version": 0,
          "attributes": {
            "address": "10.132.12.35",
            "address_type": "INTERNAL",
            "creation_timestamp": "2023-11-26T02:14:06.808-08:00",
            "description": "",
            "effective_labels": {},
            "id": "projects/sys-admin-project-402817/regions/europe-west1/addresses/osd-reserved-internal-ip-1",
            "ip_version": "",
            "ipv6_endpoint_type": "",
            "label_fingerprint": "42WmSpB8rSM=",
            "labels": null,
            "name": "osd-reserved-internal-ip-1",
            "network": "",
            "network_tier": "PREMIUM",
            "prefix_length": 0,
            "project": "sys-admin-project-402817",
            "purpose": "GCE_ENDPOINT",
            "region": "europe-west1",
            "self_link": "https://www.googleapis.com/compute/v1/projects/sys-admin-project-402817/regions/europe-west1/addresses/osd-reserved-internal-ip-1",
            "subnetwork": "https://www.googleapis.com/compute/v1/projects/sys-admin-project-402817/regions/europe-west1/subnetworks/default",
            "terraform_labels": {},
            "timeouts": null,
            "users": []
          },
          "sensitive_attributes": [],
          "private": "eyJlMmJmYjczMC1lY2FhLTExZTYtOGY4OC0zNDM2M2JjN2M0YzAiOnsiY3JlYXRlIjoxMjAwMDAwMDAwMDAwLCJkZWxldGUiOjEyMDAwMDAwMDAwMDAsInVwZGF0ZSI6MTIwMDAwMDAwMDAwMH19"
        }
      ]
    },
    {
      "module": "module.osd",
      "mode": "managed",
      "type": "google_compute_instance",
      "name": "osd_instance",
      "provider": "provider[\"registry.terraform.io/hashicorp/google\"]",
      "instances": [
        {
          "index_key": 0,
          "schema_version": 6,
          "attributes": {
            "advanced_machine_features": [],
            "allow_stopping_for_update": null,
            "attached_disk": [],
            "boot_disk": [
              {
                "auto_delete": true,
                "device_name": "persistent-disk-0",
                "disk_encryption_key_raw": "",
                "disk_encryption_key_sha256": "",
                "initialize_params": [
                  {
                    "image": "https://www.googleapis.com/compute/v1/projects/ubuntu-os-cloud/global/images/ubuntu-2004-focal-v20231101",
                    "labels": {},
                    "resource_manager_tags": null,
                    "size": 10,
                    "type": "pd-standard"
                  }
                ],
                "kms_key_self_link": "",
                "mode": "READ_WRITE",
                "source": "https://www.googleapis.com/compute/v1/projects/sys-admin-project-402817/zones/europe-west1-b/disks/ceph-osd-0"
              }
            ],
            "can_ip_forward": false,
            "confidential_instance_config": [],
            "cpu_platform": "Intel Broadwell",
            "current_status": "RUNNING",
            "deletion_protection": false,
            "description": "",
            "desired_status": null,
            "effective_labels": {},
            "enable_display": false,
            "guest_accelerator": [],
            "hostname": "",
            "id": "projects/sys-admin-project-402817/zones/europe-west1-b/instances/ceph-osd-0",
            "instance_id": "8079271753979700329",
            "label_fingerprint": "42WmSpB8rSM=",
            "labels": null,
            "machine_type": "e2-medium",
            "metadata": null,
            "metadata_fingerprint": "zGqVllLhp8Q=",
            "metadata_startup_script": null,
            "min_cpu_platform": "",
            "name": "ceph-osd-0",
            "network_interface": [
              {
                "access_config": [
                  {
                    "nat_ip": "35.190.203.36",
                    "network_tier": "PREMIUM",
                    "public_ptr_domain_name": ""
                  }
                ],
                "alias_ip_range": [],
                "internal_ipv6_prefix_length": 0,
                "ipv6_access_config": [],
                "ipv6_access_type": "",
                "ipv6_address": "",
                "name": "nic0",
                "network": "https://www.googleapis.com/compute/v1/projects/sys-admin-project-402817/global/networks/default",
                "network_ip": "10.132.12.32",
                "nic_type": "",
                "queue_count": 0,
                "stack_type": "IPV4_ONLY",
                "subnetwork": "https://www.googleapis.com/compute/v1/projects/sys-admin-project-402817/regions/europe-west1/subnetworks/default",
                "subnetwork_project": "sys-admin-project-402817"
              }
            ],
            "network_performance_config": [],
            "params": [],
            "project": "sys-admin-project-402817",
            "reservation_affinity": [],
            "resource_policies": null,
            "scheduling": [
              {
                "automatic_restart": true,
                "instance_termination_action": "",
                "local_ssd_recovery_timeout": [],
                "min_node_cpus": 0,
                "node_affinities": [],
                "on_host_maintenance": "MIGRATE",
                "preemptible": false,
                "provisioning_model": "STANDARD"
              }
            ],
            "scratch_disk": [],
            "self_link": "https://www.googleapis.com/compute/v1/projects/sys-admin-project-402817/zones/europe-west1-b/instances/ceph-osd-0",
            "service_account": [],
            "shielded_instance_config": [
              {
                "enable_integrity_monitoring": true,
                "enable_secure_boot": false,
                "enable_vtpm": true
              }
            ],
            "tags": [
              "ceph-nodes"
            ],
            "tags_fingerprint": "fE7w0wKG0kM=",
            "terraform_labels": {},
            "timeouts": null,
            "zone": "europe-west1-b"
          },
          "sensitive_attributes": [],
          "private": "eyJlMmJmYjczMC1lY2FhLTExZTYtOGY4OC0zNDM2M2JjN2M0YzAiOnsiY3JlYXRlIjoxMjAwMDAwMDAwMDAwLCJkZWxldGUiOjEyMDAwMDAwMDAwMDAsInVwZGF0ZSI6MTIwMDAwMDAwMDAwMH0sInNjaGVtYV92ZXJzaW9uIjoiNiJ9",
          "dependencies": [
            "module.osd.google_compute_address.osd_reserved_external_ip",
            "module.osd.google_compute_address.osd_reserved_internal_ip"
          ]
        },
        {
          "index_key": 1,
          "schema_version": 6,
          "attributes": {
            "advanced_machine_features": [],
            "allow_stopping_for_update": null,
            "attached_disk": [],
            "boot_disk": [
              {
                "auto_delete": true,
                "device_name": "persistent-disk-0",
                "disk_encryption_key_raw": "",
                "disk_encryption_key_sha256": "",
                "initialize_params": [
                  {
                    "image": "https://www.googleapis.com/compute/v1/projects/ubuntu-os-cloud/global/images/ubuntu-2004-focal-v20231101",
                    "labels": {},
                    "resource_manager_tags": null,
                    "size": 10,
                    "type": "pd-standard"
                  }
                ],
                "kms_key_self_link": "",
                "mode": "READ_WRITE",
                "source": "https://www.googleapis.com/compute/v1/projects/sys-admin-project-402817/zones/europe-west1-b/disks/ceph-osd-1"
              }
            ],
            "can_ip_forward": false,
            "confidential_instance_config": [],
            "cpu_platform": "Intel Broadwell",
            "current_status": "RUNNING",
            "deletion_protection": false,
            "description": "",
            "desired_status": null,
            "effective_labels": {},
            "enable_display": false,
            "guest_accelerator": [],
            "hostname": "",
            "id": "projects/sys-admin-project-402817/zones/europe-west1-b/instances/ceph-osd-1",
            "instance_id": "5395501313826923625",
            "label_fingerprint": "42WmSpB8rSM=",
            "labels": null,
            "machine_type": "e2-medium",
            "metadata": null,
            "metadata_fingerprint": "zGqVllLhp8Q=",
            "metadata_startup_script": null,
            "min_cpu_platform": "",
            "name": "ceph-osd-1",
            "network_interface": [
              {
                "access_config": [
                  {
                    "nat_ip": "146.148.19.117",
                    "network_tier": "PREMIUM",
                    "public_ptr_domain_name": ""
                  }
                ],
                "alias_ip_range": [],
                "internal_ipv6_prefix_length": 0,
                "ipv6_access_config": [],
                "ipv6_access_type": "",
                "ipv6_address": "",
                "name": "nic0",
                "network": "https://www.googleapis.com/compute/v1/projects/sys-admin-project-402817/global/networks/default",
                "network_ip": "10.132.12.35",
                "nic_type": "",
                "queue_count": 0,
                "stack_type": "IPV4_ONLY",
                "subnetwork": "https://www.googleapis.com/compute/v1/projects/sys-admin-project-402817/regions/europe-west1/subnetworks/default",
                "subnetwork_project": "sys-admin-project-402817"
              }
            ],
            "network_performance_config": [],
            "params": [],
            "project": "sys-admin-project-402817",
            "reservation_affinity": [],
            "resource_policies": null,
            "scheduling": [
              {
                "automatic_restart": true,
                "instance_termination_action": "",
                "local_ssd_recovery_timeout": [],
                "min_node_cpus": 0,
                "node_affinities": [],
                "on_host_maintenance": "MIGRATE",
                "preemptible": false,
                "provisioning_model": "STANDARD"
              }
            ],
            "scratch_disk": [],
            "self_link": "https://www.googleapis.com/compute/v1/projects/sys-admin-project-402817/zones/europe-west1-b/instances/ceph-osd-1",
            "service_account": [],
            "shielded_instance_config": [
              {
                "enable_integrity_monitoring": true,
                "enable_secure_boot": false,
                "enable_vtpm": true
              }
            ],
            "tags": [
              "ceph-nodes"
            ],
            "tags_fingerprint": "fE7w0wKG0kM=",
            "terraform_labels": {},
            "timeouts": null,
            "zone": "europe-west1-b"
          },
          "sensitive_attributes": [],
          "private": "eyJlMmJmYjczMC1lY2FhLTExZTYtOGY4OC0zNDM2M2JjN2M0YzAiOnsiY3JlYXRlIjoxMjAwMDAwMDAwMDAwLCJkZWxldGUiOjEyMDAwMDAwMDAwMDAsInVwZGF0ZSI6MTIwMDAwMDAwMDAwMH0sInNjaGVtYV92ZXJzaW9uIjoiNiJ9",
          "dependencies": [
            "module.osd.google_compute_address.osd_reserved_external_ip",
            "module.osd.google_compute_address.osd_reserved_internal_ip"
          ]
        }
      ]
    },
    {
      "module": "module.rbd",
      "mode": "managed",
      "type": "google_compute_address",
      "name": "rbd_reserved_external_ip",
      "provider": "provider[\"registry.terraform.io/hashicorp/google\"]",
      "instances": [
        {
          "schema_version": 0,
          "attributes": {
            "address": "34.34.179.104",
            "address_type": "EXTERNAL",
            "creation_timestamp": "2023-11-26T02:14:06.695-08:00",
            "description": "",
            "effective_labels": {},
            "id": "projects/sys-admin-project-402817/regions/europe-west1/addresses/rbd-reserved-external-ip",
            "ip_version": "",
            "ipv6_endpoint_type": "",
            "label_fingerprint": "42WmSpB8rSM=",
            "labels": null,
            "name": "rbd-reserved-external-ip",
            "network": "",
            "network_tier": "PREMIUM",
            "prefix_length": 0,
            "project": "sys-admin-project-402817",
            "purpose": "",
            "region": "europe-west1",
            "self_link": "https://www.googleapis.com/compute/v1/projects/sys-admin-project-402817/regions/europe-west1/addresses/rbd-reserved-external-ip",
            "subnetwork": "",
            "terraform_labels": {},
            "timeouts": null,
            "users": []
          },
          "sensitive_attributes": [],
          "private": "eyJlMmJmYjczMC1lY2FhLTExZTYtOGY4OC0zNDM2M2JjN2M0YzAiOnsiY3JlYXRlIjoxMjAwMDAwMDAwMDAwLCJkZWxldGUiOjEyMDAwMDAwMDAwMDAsInVwZGF0ZSI6MTIwMDAwMDAwMDAwMH19"
        }
      ]
    },
    {
      "module": "module.rbd",
      "mode": "managed",
      "type": "google_compute_address",
      "name": "rbd_reserved_internal_ip",
      "provider": "provider[\"registry.terraform.io/hashicorp/google\"]",
      "instances": [
        {
          "schema_version": 0,
          "attributes": {
            "address": "10.132.12.31",
            "address_type": "INTERNAL",
            "creation_timestamp": "2023-11-26T02:14:06.797-08:00",
            "description": "",
            "effective_labels": {},
            "id": "projects/sys-admin-project-402817/regions/europe-west1/addresses/rbd-reserved-internal-ip",
            "ip_version": "",
            "ipv6_endpoint_type": "",
            "label_fingerprint": "42WmSpB8rSM=",
            "labels": null,
            "name": "rbd-reserved-internal-ip",
            "network": "",
            "network_tier": "PREMIUM",
            "prefix_length": 0,
            "project": "sys-admin-project-402817",
            "purpose": "GCE_ENDPOINT",
            "region": "europe-west1",
            "self_link": "https://www.googleapis.com/compute/v1/projects/sys-admin-project-402817/regions/europe-west1/addresses/rbd-reserved-internal-ip",
            "subnetwork": "https://www.googleapis.com/compute/v1/projects/sys-admin-project-402817/regions/europe-west1/subnetworks/default",
            "terraform_labels": {},
            "timeouts": null,
            "users": []
          },
          "sensitive_attributes": [],
          "private": "eyJlMmJmYjczMC1lY2FhLTExZTYtOGY4OC0zNDM2M2JjN2M0YzAiOnsiY3JlYXRlIjoxMjAwMDAwMDAwMDAwLCJkZWxldGUiOjEyMDAwMDAwMDAwMDAsInVwZGF0ZSI6MTIwMDAwMDAwMDAwMH19"
        }
      ]
    },
    {
      "module": "module.rbd",
      "mode": "managed",
      "type": "google_compute_instance",
      "name": "rbd_client_instance",
      "provider": "provider[\"registry.terraform.io/hashicorp/google\"]",
      "instances": [
        {
          "schema_version": 6,
          "attributes": {
            "advanced_machine_features": [],
            "allow_stopping_for_update": null,
            "attached_disk": [],
            "boot_disk": [
              {
                "auto_delete": true,
                "device_name": "persistent-disk-0",
                "disk_encryption_key_raw": "",
                "disk_encryption_key_sha256": "",
                "initialize_params": [
                  {
                    "image": "https://www.googleapis.com/compute/v1/projects/ubuntu-os-cloud/global/images/ubuntu-2004-focal-v20231101",
                    "labels": {},
                    "resource_manager_tags": null,
                    "size": 10,
                    "type": "pd-standard"
                  }
                ],
                "kms_key_self_link": "",
                "mode": "READ_WRITE",
                "source": "https://www.googleapis.com/compute/v1/projects/sys-admin-project-402817/zones/europe-west1-b/disks/ceph-rbd-client"
              }
            ],
            "can_ip_forward": false,
            "confidential_instance_config": [],
            "cpu_platform": "Intel Broadwell",
            "current_status": "RUNNING",
            "deletion_protection": false,
            "description": "",
            "desired_status": null,
            "effective_labels": {},
            "enable_display": false,
            "guest_accelerator": [],
            "hostname": "",
            "id": "projects/sys-admin-project-402817/zones/europe-west1-b/instances/ceph-rbd-client",
            "instance_id": "5217700336471286933",
            "label_fingerprint": "42WmSpB8rSM=",
            "labels": null,
            "machine_type": "e2-medium",
            "metadata": null,
            "metadata_fingerprint": "zGqVllLhp8Q=",
            "metadata_startup_script": null,
            "min_cpu_platform": "",
            "name": "ceph-rbd-client",
            "network_interface": [
              {
                "access_config": [
                  {
                    "nat_ip": "34.34.179.104",
                    "network_tier": "PREMIUM",
                    "public_ptr_domain_name": ""
                  }
                ],
                "alias_ip_range": [],
                "internal_ipv6_prefix_length": 0,
                "ipv6_access_config": [],
                "ipv6_access_type": "",
                "ipv6_address": "",
                "name": "nic0",
                "network": "https://www.googleapis.com/compute/v1/projects/sys-admin-project-402817/global/networks/default",
                "network_ip": "10.132.12.31",
                "nic_type": "",
                "queue_count": 0,
                "stack_type": "IPV4_ONLY",
                "subnetwork": "https://www.googleapis.com/compute/v1/projects/sys-admin-project-402817/regions/europe-west1/subnetworks/default",
                "subnetwork_project": "sys-admin-project-402817"
              }
            ],
            "network_performance_config": [],
            "params": [],
            "project": "sys-admin-project-402817",
            "reservation_affinity": [],
            "resource_policies": null,
            "scheduling": [
              {
                "automatic_restart": true,
                "instance_termination_action": "",
                "local_ssd_recovery_timeout": [],
                "min_node_cpus": 0,
                "node_affinities": [],
                "on_host_maintenance": "MIGRATE",
                "preemptible": false,
                "provisioning_model": "STANDARD"
              }
            ],
            "scratch_disk": [],
            "self_link": "https://www.googleapis.com/compute/v1/projects/sys-admin-project-402817/zones/europe-west1-b/instances/ceph-rbd-client",
            "service_account": [],
            "shielded_instance_config": [
              {
                "enable_integrity_monitoring": true,
                "enable_secure_boot": false,
                "enable_vtpm": true
              }
            ],
            "tags": [
              "ceph-nodes"
            ],
            "tags_fingerprint": "fE7w0wKG0kM=",
            "terraform_labels": {},
            "timeouts": null,
            "zone": "europe-west1-b"
          },
          "sensitive_attributes": [],
          "private": "eyJlMmJmYjczMC1lY2FhLTExZTYtOGY4OC0zNDM2M2JjN2M0YzAiOnsiY3JlYXRlIjoxMjAwMDAwMDAwMDAwLCJkZWxldGUiOjEyMDAwMDAwMDAwMDAsInVwZGF0ZSI6MTIwMDAwMDAwMDAwMH0sInNjaGVtYV92ZXJzaW9uIjoiNiJ9",
          "dependencies": [
            "module.rbd.google_compute_address.rbd_reserved_external_ip",
            "module.rbd.google_compute_address.rbd_reserved_internal_ip"
          ]
        }
      ]
    }
  ],
  "check_results": null
}
