{
  "version": 4,
  "terraform_version": "1.6.4",
  "serial": 25,
  "lineage": "ea96822a-0e72-aeee-15c4-bb927e16c0b0",
  "outputs": {
    "backup_reserved_external_ip": {
      "value": "34.78.101.173",
      "type": "string"
    },
    "backup_reserved_internal_ip": {
      "value": "10.132.0.14",
      "type": "string"
    },
    "mgr_reserved_external_ip": {
      "value": "34.78.80.135",
      "type": "string"
    },
    "mgr_reserved_internal_ip": {
      "value": "10.132.0.18",
      "type": "string"
    },
    "mon_reserved_external_ip": {
      "value": "34.78.234.89",
      "type": "string"
    },
    "mon_reserved_internal_ip": {
      "value": "10.132.0.15",
      "type": "string"
    },
    "osd_reserved_external_ips": {
      "value": [
        "34.78.126.100",
        "34.140.61.233"
      ],
      "type": [
        "tuple",
        [
          "string",
          "string"
        ]
      ]
    },
    "osd_reserved_internal_ips": {
      "value": [
        "10.132.0.19",
        "10.132.0.17"
      ],
      "type": [
        "tuple",
        [
          "string",
          "string"
        ]
      ]
    },
    "rbd_reserved_external_ip": {
      "value": "34.78.103.149",
      "type": "string"
    },
    "rbd_reserved_internal_ip": {
      "value": "10.132.0.16",
      "type": "string"
    }
  },
  "resources": [
    {
      "mode": "managed",
      "type": "google_compute_firewall",
      "name": "ceph_cluster",
      "provider": "provider[\"registry.terraform.io/hashicorp/google\"]",
      "instances": [
        {
          "schema_version": 1,
          "attributes": {
            "allow": [
              {
                "ports": [
                  "3300"
                ],
                "protocol": "tcp"
              }
            ],
            "creation_timestamp": "2023-12-10T04:23:13.336-08:00",
            "deny": [],
            "description": "",
            "destination_ranges": [],
            "direction": "INGRESS",
            "disabled": false,
            "enable_logging": null,
            "id": "projects/teste-407517/global/firewalls/ceph-cluster-firewall",
            "log_config": [],
            "name": "ceph-cluster-firewall",
            "network": "https://www.googleapis.com/compute/v1/projects/teste-407517/global/networks/my-vpc",
            "priority": 1000,
            "project": "teste-407517",
            "self_link": "https://www.googleapis.com/compute/v1/projects/teste-407517/global/firewalls/ceph-cluster-firewall",
            "source_ranges": [
              "0.0.0.0/0"
            ],
            "source_service_accounts": null,
            "source_tags": null,
            "target_service_accounts": null,
            "target_tags": [
              "ceph-nodes"
            ],
            "timeouts": null
          },
          "sensitive_attributes": [],
          "private": "eyJlMmJmYjczMC1lY2FhLTExZTYtOGY4OC0zNDM2M2JjN2M0YzAiOnsiY3JlYXRlIjoxMjAwMDAwMDAwMDAwLCJkZWxldGUiOjEyMDAwMDAwMDAwMDAsInVwZGF0ZSI6MTIwMDAwMDAwMDAwMH0sInNjaGVtYV92ZXJzaW9uIjoiMSJ9",
          "dependencies": [
            "google_compute_network.my_vpc"
          ]
        }
      ]
    },
    {
      "mode": "managed",
      "type": "google_compute_firewall",
      "name": "ceph_dashboard",
      "provider": "provider[\"registry.terraform.io/hashicorp/google\"]",
      "instances": [
        {
          "schema_version": 1,
          "attributes": {
            "allow": [
              {
                "ports": [
                  "8443"
                ],
                "protocol": "tcp"
              }
            ],
            "creation_timestamp": "2023-12-10T04:23:12.969-08:00",
            "deny": [],
            "description": "",
            "destination_ranges": [],
            "direction": "INGRESS",
            "disabled": false,
            "enable_logging": null,
            "id": "projects/teste-407517/global/firewalls/ceph-cashboard-firewall",
            "log_config": [],
            "name": "ceph-cashboard-firewall",
            "network": "https://www.googleapis.com/compute/v1/projects/teste-407517/global/networks/my-vpc",
            "priority": 1000,
            "project": "teste-407517",
            "self_link": "https://www.googleapis.com/compute/v1/projects/teste-407517/global/firewalls/ceph-cashboard-firewall",
            "source_ranges": [
              "0.0.0.0/0"
            ],
            "source_service_accounts": null,
            "source_tags": null,
            "target_service_accounts": null,
            "target_tags": [
              "ceph-dashboard"
            ],
            "timeouts": null
          },
          "sensitive_attributes": [],
          "private": "eyJlMmJmYjczMC1lY2FhLTExZTYtOGY4OC0zNDM2M2JjN2M0YzAiOnsiY3JlYXRlIjoxMjAwMDAwMDAwMDAwLCJkZWxldGUiOjEyMDAwMDAwMDAwMDAsInVwZGF0ZSI6MTIwMDAwMDAwMDAwMH0sInNjaGVtYV92ZXJzaW9uIjoiMSJ9",
          "dependencies": [
            "google_compute_network.my_vpc"
          ]
        }
      ]
    },
    {
      "mode": "managed",
      "type": "google_compute_network",
      "name": "my_vpc",
      "provider": "provider[\"registry.terraform.io/hashicorp/google\"]",
      "instances": [
        {
          "schema_version": 0,
          "attributes": {
            "auto_create_subnetworks": false,
            "delete_default_routes_on_create": false,
            "description": "",
            "enable_ula_internal_ipv6": false,
            "gateway_ipv4": "",
            "id": "projects/teste-407517/global/networks/my-vpc",
            "internal_ipv6_range": "",
            "mtu": 0,
            "name": "my-vpc",
            "network_firewall_policy_enforcement_order": "AFTER_CLASSIC_FIREWALL",
            "project": "teste-407517",
            "routing_mode": "REGIONAL",
            "self_link": "https://www.googleapis.com/compute/v1/projects/teste-407517/global/networks/my-vpc",
            "timeouts": null
          },
          "sensitive_attributes": [],
          "private": "eyJlMmJmYjczMC1lY2FhLTExZTYtOGY4OC0zNDM2M2JjN2M0YzAiOnsiY3JlYXRlIjoxMjAwMDAwMDAwMDAwLCJkZWxldGUiOjEyMDAwMDAwMDAwMDAsInVwZGF0ZSI6MTIwMDAwMDAwMDAwMH19"
        }
      ]
    },
    {
      "mode": "managed",
      "type": "google_compute_subnetwork",
      "name": "my_subnetwork",
      "provider": "provider[\"registry.terraform.io/hashicorp/google\"]",
      "instances": [
        {
          "schema_version": 0,
          "attributes": {
            "creation_timestamp": "2023-12-10T04:23:13.581-08:00",
            "description": "",
            "external_ipv6_prefix": "",
            "fingerprint": null,
            "gateway_address": "10.0.1.1",
            "id": "projects/teste-407517/regions/europe-west1/subnetworks/my-subnetwork",
            "internal_ipv6_prefix": "",
            "ip_cidr_range": "10.0.1.0/24",
            "ipv6_access_type": "",
            "ipv6_cidr_range": "",
            "log_config": [],
            "name": "my-subnetwork",
            "network": "https://www.googleapis.com/compute/v1/projects/teste-407517/global/networks/my-vpc",
            "private_ip_google_access": true,
            "private_ipv6_google_access": "DISABLE_GOOGLE_ACCESS",
            "project": "teste-407517",
            "purpose": "PRIVATE",
            "region": "europe-west1",
            "role": "",
            "secondary_ip_range": [],
            "self_link": "https://www.googleapis.com/compute/v1/projects/teste-407517/regions/europe-west1/subnetworks/my-subnetwork",
            "stack_type": "IPV4_ONLY",
            "timeouts": null
          },
          "sensitive_attributes": [],
          "private": "eyJlMmJmYjczMC1lY2FhLTExZTYtOGY4OC0zNDM2M2JjN2M0YzAiOnsiY3JlYXRlIjoxMjAwMDAwMDAwMDAwLCJkZWxldGUiOjEyMDAwMDAwMDAwMDAsInVwZGF0ZSI6MTIwMDAwMDAwMDAwMH19",
          "dependencies": [
            "google_compute_network.my_vpc"
          ]
        }
      ]
    },
    {
      "module": "module.backup",
      "mode": "managed",
      "type": "google_compute_address",
      "name": "backup_reserved_external_ip",
      "provider": "provider[\"registry.terraform.io/hashicorp/google\"]",
      "instances": [
        {
          "schema_version": 0,
          "attributes": {
            "address": "34.78.101.173",
            "address_type": "EXTERNAL",
            "creation_timestamp": "2023-12-10T04:22:50.783-08:00",
            "description": "",
            "effective_labels": {},
            "id": "projects/teste-407517/regions/europe-west1/addresses/backup-reserved-external-ip",
            "ip_version": "",
            "ipv6_endpoint_type": "",
            "label_fingerprint": "42WmSpB8rSM=",
            "labels": null,
            "name": "backup-reserved-external-ip",
            "network": "",
            "network_tier": "PREMIUM",
            "prefix_length": 0,
            "project": "teste-407517",
            "purpose": "",
            "region": "europe-west1",
            "self_link": "https://www.googleapis.com/compute/v1/projects/teste-407517/regions/europe-west1/addresses/backup-reserved-external-ip",
            "subnetwork": "",
            "terraform_labels": {},
            "timeouts": null,
            "users": []
          },
          "sensitive_attributes": [],
          "private": "eyJlMmJmYjczMC1lY2FhLTExZTYtOGY4OC0zNDM2M2JjN2M0YzAiOnsiY3JlYXRlIjoxMjAwMDAwMDAwMDAwLCJkZWxldGUiOjEyMDAwMDAwMDAwMDAsInVwZGF0ZSI6MTIwMDAwMDAwMDAwMH19"
        }
      ]
    },
    {
      "module": "module.backup",
      "mode": "managed",
      "type": "google_compute_address",
      "name": "backup_reserved_internal_ip",
      "provider": "provider[\"registry.terraform.io/hashicorp/google\"]",
      "instances": [
        {
          "schema_version": 0,
          "attributes": {
            "address": "10.132.0.14",
            "address_type": "INTERNAL",
            "creation_timestamp": "2023-12-10T04:22:50.861-08:00",
            "description": "",
            "effective_labels": {},
            "id": "projects/teste-407517/regions/europe-west1/addresses/backup-reserved-internal-ip",
            "ip_version": "",
            "ipv6_endpoint_type": "",
            "label_fingerprint": "42WmSpB8rSM=",
            "labels": null,
            "name": "backup-reserved-internal-ip",
            "network": "",
            "network_tier": "PREMIUM",
            "prefix_length": 0,
            "project": "teste-407517",
            "purpose": "GCE_ENDPOINT",
            "region": "europe-west1",
            "self_link": "https://www.googleapis.com/compute/v1/projects/teste-407517/regions/europe-west1/addresses/backup-reserved-internal-ip",
            "subnetwork": "https://www.googleapis.com/compute/v1/projects/teste-407517/regions/europe-west1/subnetworks/default",
            "terraform_labels": {},
            "timeouts": null,
            "users": []
          },
          "sensitive_attributes": [],
          "private": "eyJlMmJmYjczMC1lY2FhLTExZTYtOGY4OC0zNDM2M2JjN2M0YzAiOnsiY3JlYXRlIjoxMjAwMDAwMDAwMDAwLCJkZWxldGUiOjEyMDAwMDAwMDAwMDAsInVwZGF0ZSI6MTIwMDAwMDAwMDAwMH19"
        }
      ]
    },
    {
      "module": "module.backup",
      "mode": "managed",
      "type": "google_compute_instance",
      "name": "backup_instance",
      "provider": "provider[\"registry.terraform.io/hashicorp/google\"]",
      "instances": [
        {
          "schema_version": 6,
          "attributes": {
            "advanced_machine_features": [],
            "allow_stopping_for_update": null,
            "attached_disk": [],
            "boot_disk": [
              {
                "auto_delete": true,
                "device_name": "persistent-disk-0",
                "disk_encryption_key_raw": "",
                "disk_encryption_key_sha256": "",
                "initialize_params": [
                  {
                    "image": "https://www.googleapis.com/compute/v1/projects/ubuntu-os-cloud/global/images/ubuntu-2004-focal-v20231130",
                    "labels": {},
                    "resource_manager_tags": null,
                    "size": 10,
                    "type": "pd-standard"
                  }
                ],
                "kms_key_self_link": "",
                "mode": "READ_WRITE",
                "source": "https://www.googleapis.com/compute/v1/projects/teste-407517/zones/europe-west1-b/disks/ceph-backup-server"
              }
            ],
            "can_ip_forward": false,
            "confidential_instance_config": [],
            "cpu_platform": "Intel Broadwell",
            "current_status": "RUNNING",
            "deletion_protection": false,
            "description": "",
            "desired_status": null,
            "effective_labels": {},
            "enable_display": false,
            "guest_accelerator": [],
            "hostname": "",
            "id": "projects/teste-407517/zones/europe-west1-b/instances/ceph-backup-server",
            "instance_id": "2819899517650342729",
            "label_fingerprint": "42WmSpB8rSM=",
            "labels": null,
            "machine_type": "e2-medium",
            "metadata": null,
            "metadata_fingerprint": "4TDcibohxE4=",
            "metadata_startup_script": null,
            "min_cpu_platform": "",
            "name": "ceph-backup-server",
            "network_interface": [
              {
                "access_config": [
                  {
                    "nat_ip": "34.78.101.173",
                    "network_tier": "PREMIUM",
                    "public_ptr_domain_name": ""
                  }
                ],
                "alias_ip_range": [],
                "internal_ipv6_prefix_length": 0,
                "ipv6_access_config": [],
                "ipv6_access_type": "",
                "ipv6_address": "",
                "name": "nic0",
                "network": "https://www.googleapis.com/compute/v1/projects/teste-407517/global/networks/default",
                "network_ip": "10.132.0.14",
                "nic_type": "",
                "queue_count": 0,
                "stack_type": "IPV4_ONLY",
                "subnetwork": "https://www.googleapis.com/compute/v1/projects/teste-407517/regions/europe-west1/subnetworks/default",
                "subnetwork_project": "teste-407517"
              }
            ],
            "network_performance_config": [],
            "params": [],
            "project": "teste-407517",
            "reservation_affinity": [],
            "resource_policies": null,
            "scheduling": [
              {
                "automatic_restart": true,
                "instance_termination_action": "",
                "local_ssd_recovery_timeout": [],
                "min_node_cpus": 0,
                "node_affinities": [],
                "on_host_maintenance": "MIGRATE",
                "preemptible": false,
                "provisioning_model": "STANDARD"
              }
            ],
            "scratch_disk": [],
            "self_link": "https://www.googleapis.com/compute/v1/projects/teste-407517/zones/europe-west1-b/instances/ceph-backup-server",
            "service_account": [],
            "shielded_instance_config": [
              {
                "enable_integrity_monitoring": true,
                "enable_secure_boot": false,
                "enable_vtpm": true
              }
            ],
            "tags": null,
            "tags_fingerprint": "42WmSpB8rSM=",
            "terraform_labels": {},
            "timeouts": null,
            "zone": "europe-west1-b"
          },
          "sensitive_attributes": [],
          "private": "eyJlMmJmYjczMC1lY2FhLTExZTYtOGY4OC0zNDM2M2JjN2M0YzAiOnsiY3JlYXRlIjoxMjAwMDAwMDAwMDAwLCJkZWxldGUiOjEyMDAwMDAwMDAwMDAsInVwZGF0ZSI6MTIwMDAwMDAwMDAwMH0sInNjaGVtYV92ZXJzaW9uIjoiNiJ9",
          "dependencies": [
            "module.backup.google_compute_address.backup_reserved_external_ip",
            "module.backup.google_compute_address.backup_reserved_internal_ip"
          ]
        }
      ]
    },
    {
      "module": "module.mgr",
      "mode": "managed",
      "type": "google_compute_address",
      "name": "mgr_reserved_external_ip",
      "provider": "provider[\"registry.terraform.io/hashicorp/google\"]",
      "instances": [
        {
          "schema_version": 0,
          "attributes": {
            "address": "34.78.80.135",
            "address_type": "EXTERNAL",
            "creation_timestamp": "2023-12-10T04:23:01.992-08:00",
            "description": "",
            "effective_labels": {},
            "id": "projects/teste-407517/regions/europe-west1/addresses/mgr-reserved-external-ip",
            "ip_version": "",
            "ipv6_endpoint_type": "",
            "label_fingerprint": "42WmSpB8rSM=",
            "labels": null,
            "name": "mgr-reserved-external-ip",
            "network": "",
            "network_tier": "PREMIUM",
            "prefix_length": 0,
            "project": "teste-407517",
            "purpose": "",
            "region": "europe-west1",
            "self_link": "https://www.googleapis.com/compute/v1/projects/teste-407517/regions/europe-west1/addresses/mgr-reserved-external-ip",
            "subnetwork": "",
            "terraform_labels": {},
            "timeouts": null,
            "users": []
          },
          "sensitive_attributes": [],
          "private": "eyJlMmJmYjczMC1lY2FhLTExZTYtOGY4OC0zNDM2M2JjN2M0YzAiOnsiY3JlYXRlIjoxMjAwMDAwMDAwMDAwLCJkZWxldGUiOjEyMDAwMDAwMDAwMDAsInVwZGF0ZSI6MTIwMDAwMDAwMDAwMH19"
        }
      ]
    },
    {
      "module": "module.mgr",
      "mode": "managed",
      "type": "google_compute_address",
      "name": "mgr_reserved_internal_ip",
      "provider": "provider[\"registry.terraform.io/hashicorp/google\"]",
      "instances": [
        {
          "schema_version": 0,
          "attributes": {
            "address": "10.132.0.18",
            "address_type": "INTERNAL",
            "creation_timestamp": "2023-12-10T04:22:50.869-08:00",
            "description": "",
            "effective_labels": {},
            "id": "projects/teste-407517/regions/europe-west1/addresses/mgr-reserved-internal-ip",
            "ip_version": "",
            "ipv6_endpoint_type": "",
            "label_fingerprint": "42WmSpB8rSM=",
            "labels": null,
            "name": "mgr-reserved-internal-ip",
            "network": "",
            "network_tier": "PREMIUM",
            "prefix_length": 0,
            "project": "teste-407517",
            "purpose": "GCE_ENDPOINT",
            "region": "europe-west1",
            "self_link": "https://www.googleapis.com/compute/v1/projects/teste-407517/regions/europe-west1/addresses/mgr-reserved-internal-ip",
            "subnetwork": "https://www.googleapis.com/compute/v1/projects/teste-407517/regions/europe-west1/subnetworks/default",
            "terraform_labels": {},
            "timeouts": null,
            "users": []
          },
          "sensitive_attributes": [],
          "private": "eyJlMmJmYjczMC1lY2FhLTExZTYtOGY4OC0zNDM2M2JjN2M0YzAiOnsiY3JlYXRlIjoxMjAwMDAwMDAwMDAwLCJkZWxldGUiOjEyMDAwMDAwMDAwMDAsInVwZGF0ZSI6MTIwMDAwMDAwMDAwMH19"
        }
      ]
    },
    {
      "module": "module.mgr",
      "mode": "managed",
      "type": "google_compute_instance",
      "name": "mgr_instance",
      "provider": "provider[\"registry.terraform.io/hashicorp/google\"]",
      "instances": [
        {
          "schema_version": 6,
          "attributes": {
            "advanced_machine_features": [],
            "allow_stopping_for_update": null,
            "attached_disk": [],
            "boot_disk": [
              {
                "auto_delete": true,
                "device_name": "persistent-disk-0",
                "disk_encryption_key_raw": "",
                "disk_encryption_key_sha256": "",
                "initialize_params": [
                  {
                    "image": "https://www.googleapis.com/compute/v1/projects/ubuntu-os-cloud/global/images/ubuntu-2004-focal-v20231130",
                    "labels": {},
                    "resource_manager_tags": null,
                    "size": 10,
                    "type": "pd-standard"
                  }
                ],
                "kms_key_self_link": "",
                "mode": "READ_WRITE",
                "source": "https://www.googleapis.com/compute/v1/projects/teste-407517/zones/europe-west1-b/disks/ceph-mgr"
              }
            ],
            "can_ip_forward": false,
            "confidential_instance_config": [],
            "cpu_platform": "Intel Broadwell",
            "current_status": "RUNNING",
            "deletion_protection": false,
            "description": "",
            "desired_status": null,
            "effective_labels": {},
            "enable_display": false,
            "guest_accelerator": [],
            "hostname": "",
            "id": "projects/teste-407517/zones/europe-west1-b/instances/ceph-mgr",
            "instance_id": "2795912859741590365",
            "label_fingerprint": "42WmSpB8rSM=",
            "labels": null,
            "machine_type": "e2-medium",
            "metadata": null,
            "metadata_fingerprint": "4h6U0cXNFpI=",
            "metadata_startup_script": "#!/bin/bash\n\n# Update package lists\napt-get update\n\n# Install cephadm\nsudo apt install -y docker.io",
            "min_cpu_platform": "",
            "name": "ceph-mgr",
            "network_interface": [
              {
                "access_config": [
                  {
                    "nat_ip": "34.78.80.135",
                    "network_tier": "PREMIUM",
                    "public_ptr_domain_name": ""
                  }
                ],
                "alias_ip_range": [],
                "internal_ipv6_prefix_length": 0,
                "ipv6_access_config": [],
                "ipv6_access_type": "",
                "ipv6_address": "",
                "name": "nic0",
                "network": "https://www.googleapis.com/compute/v1/projects/teste-407517/global/networks/default",
                "network_ip": "10.132.0.18",
                "nic_type": "",
                "queue_count": 0,
                "stack_type": "IPV4_ONLY",
                "subnetwork": "https://www.googleapis.com/compute/v1/projects/teste-407517/regions/europe-west1/subnetworks/default",
                "subnetwork_project": "teste-407517"
              }
            ],
            "network_performance_config": [],
            "params": [],
            "project": "teste-407517",
            "reservation_affinity": [],
            "resource_policies": null,
            "scheduling": [
              {
                "automatic_restart": true,
                "instance_termination_action": "",
                "local_ssd_recovery_timeout": [],
                "min_node_cpus": 0,
                "node_affinities": [],
                "on_host_maintenance": "MIGRATE",
                "preemptible": false,
                "provisioning_model": "STANDARD"
              }
            ],
            "scratch_disk": [],
            "self_link": "https://www.googleapis.com/compute/v1/projects/teste-407517/zones/europe-west1-b/instances/ceph-mgr",
            "service_account": [],
            "shielded_instance_config": [
              {
                "enable_integrity_monitoring": true,
                "enable_secure_boot": false,
                "enable_vtpm": true
              }
            ],
            "tags": [
              "ceph-dashboard",
              "ceph-nodes"
            ],
            "tags_fingerprint": "04W3zrGbkhI=",
            "terraform_labels": {},
            "timeouts": null,
            "zone": "europe-west1-b"
          },
          "sensitive_attributes": [],
          "private": "eyJlMmJmYjczMC1lY2FhLTExZTYtOGY4OC0zNDM2M2JjN2M0YzAiOnsiY3JlYXRlIjoxMjAwMDAwMDAwMDAwLCJkZWxldGUiOjEyMDAwMDAwMDAwMDAsInVwZGF0ZSI6MTIwMDAwMDAwMDAwMH0sInNjaGVtYV92ZXJzaW9uIjoiNiJ9",
          "dependencies": [
            "module.mgr.google_compute_address.mgr_reserved_external_ip",
            "module.mgr.google_compute_address.mgr_reserved_internal_ip"
          ]
        }
      ]
    },
    {
      "module": "module.mon",
      "mode": "managed",
      "type": "google_compute_address",
      "name": "mon_reserved_external_ip",
      "provider": "provider[\"registry.terraform.io/hashicorp/google\"]",
      "instances": [
        {
          "schema_version": 0,
          "attributes": {
            "address": "34.78.234.89",
            "address_type": "EXTERNAL",
            "creation_timestamp": "2023-12-10T04:22:50.866-08:00",
            "description": "",
            "effective_labels": {},
            "id": "projects/teste-407517/regions/europe-west1/addresses/mon-reserved-external-ip",
            "ip_version": "",
            "ipv6_endpoint_type": "",
            "label_fingerprint": "42WmSpB8rSM=",
            "labels": null,
            "name": "mon-reserved-external-ip",
            "network": "",
            "network_tier": "PREMIUM",
            "prefix_length": 0,
            "project": "teste-407517",
            "purpose": "",
            "region": "europe-west1",
            "self_link": "https://www.googleapis.com/compute/v1/projects/teste-407517/regions/europe-west1/addresses/mon-reserved-external-ip",
            "subnetwork": "",
            "terraform_labels": {},
            "timeouts": null,
            "users": []
          },
          "sensitive_attributes": [],
          "private": "eyJlMmJmYjczMC1lY2FhLTExZTYtOGY4OC0zNDM2M2JjN2M0YzAiOnsiY3JlYXRlIjoxMjAwMDAwMDAwMDAwLCJkZWxldGUiOjEyMDAwMDAwMDAwMDAsInVwZGF0ZSI6MTIwMDAwMDAwMDAwMH19"
        }
      ]
    },
    {
      "module": "module.mon",
      "mode": "managed",
      "type": "google_compute_address",
      "name": "mon_reserved_internal_ip",
      "provider": "provider[\"registry.terraform.io/hashicorp/google\"]",
      "instances": [
        {
          "schema_version": 0,
          "attributes": {
            "address": "10.132.0.15",
            "address_type": "INTERNAL",
            "creation_timestamp": "2023-12-10T04:22:50.880-08:00",
            "description": "",
            "effective_labels": {},
            "id": "projects/teste-407517/regions/europe-west1/addresses/mon-reserved-internal-ip",
            "ip_version": "",
            "ipv6_endpoint_type": "",
            "label_fingerprint": "42WmSpB8rSM=",
            "labels": null,
            "name": "mon-reserved-internal-ip",
            "network": "",
            "network_tier": "PREMIUM",
            "prefix_length": 0,
            "project": "teste-407517",
            "purpose": "GCE_ENDPOINT",
            "region": "europe-west1",
            "self_link": "https://www.googleapis.com/compute/v1/projects/teste-407517/regions/europe-west1/addresses/mon-reserved-internal-ip",
            "subnetwork": "https://www.googleapis.com/compute/v1/projects/teste-407517/regions/europe-west1/subnetworks/default",
            "terraform_labels": {},
            "timeouts": null,
            "users": []
          },
          "sensitive_attributes": [],
          "private": "eyJlMmJmYjczMC1lY2FhLTExZTYtOGY4OC0zNDM2M2JjN2M0YzAiOnsiY3JlYXRlIjoxMjAwMDAwMDAwMDAwLCJkZWxldGUiOjEyMDAwMDAwMDAwMDAsInVwZGF0ZSI6MTIwMDAwMDAwMDAwMH19"
        }
      ]
    },
    {
      "module": "module.mon",
      "mode": "managed",
      "type": "google_compute_instance",
      "name": "mon_instance",
      "provider": "provider[\"registry.terraform.io/hashicorp/google\"]",
      "instances": [
        {
          "schema_version": 6,
          "attributes": {
            "advanced_machine_features": [],
            "allow_stopping_for_update": null,
            "attached_disk": [],
            "boot_disk": [
              {
                "auto_delete": true,
                "device_name": "persistent-disk-0",
                "disk_encryption_key_raw": "",
                "disk_encryption_key_sha256": "",
                "initialize_params": [
                  {
                    "image": "https://www.googleapis.com/compute/v1/projects/ubuntu-os-cloud/global/images/ubuntu-2004-focal-v20231130",
                    "labels": {},
                    "resource_manager_tags": null,
                    "size": 10,
                    "type": "pd-standard"
                  }
                ],
                "kms_key_self_link": "",
                "mode": "READ_WRITE",
                "source": "https://www.googleapis.com/compute/v1/projects/teste-407517/zones/europe-west1-b/disks/ceph-mon"
              }
            ],
            "can_ip_forward": false,
            "confidential_instance_config": [],
            "cpu_platform": "Intel Broadwell",
            "current_status": "RUNNING",
            "deletion_protection": false,
            "description": "",
            "desired_status": null,
            "effective_labels": {},
            "enable_display": false,
            "guest_accelerator": [],
            "hostname": "",
            "id": "projects/teste-407517/zones/europe-west1-b/instances/ceph-mon",
            "instance_id": "8940439282675880776",
            "label_fingerprint": "42WmSpB8rSM=",
            "labels": null,
            "machine_type": "e2-medium",
            "metadata": null,
            "metadata_fingerprint": "RcYoImA9tVw=",
            "metadata_startup_script": "#!/bin/bash\n\n# Update package lists\napt-get update\n\n# Install cephadm\nsudo apt install -y cephadm docker.io",
            "min_cpu_platform": "",
            "name": "ceph-mon",
            "network_interface": [
              {
                "access_config": [
                  {
                    "nat_ip": "34.78.234.89",
                    "network_tier": "PREMIUM",
                    "public_ptr_domain_name": ""
                  }
                ],
                "alias_ip_range": [],
                "internal_ipv6_prefix_length": 0,
                "ipv6_access_config": [],
                "ipv6_access_type": "",
                "ipv6_address": "",
                "name": "nic0",
                "network": "https://www.googleapis.com/compute/v1/projects/teste-407517/global/networks/default",
                "network_ip": "10.132.0.15",
                "nic_type": "",
                "queue_count": 0,
                "stack_type": "IPV4_ONLY",
                "subnetwork": "https://www.googleapis.com/compute/v1/projects/teste-407517/regions/europe-west1/subnetworks/default",
                "subnetwork_project": "teste-407517"
              }
            ],
            "network_performance_config": [],
            "params": [],
            "project": "teste-407517",
            "reservation_affinity": [],
            "resource_policies": null,
            "scheduling": [
              {
                "automatic_restart": true,
                "instance_termination_action": "",
                "local_ssd_recovery_timeout": [],
                "min_node_cpus": 0,
                "node_affinities": [],
                "on_host_maintenance": "MIGRATE",
                "preemptible": false,
                "provisioning_model": "STANDARD"
              }
            ],
            "scratch_disk": [],
            "self_link": "https://www.googleapis.com/compute/v1/projects/teste-407517/zones/europe-west1-b/instances/ceph-mon",
            "service_account": [],
            "shielded_instance_config": [
              {
                "enable_integrity_monitoring": true,
                "enable_secure_boot": false,
                "enable_vtpm": true
              }
            ],
            "tags": [
              "ceph-dashboard",
              "ceph-nodes"
            ],
            "tags_fingerprint": "04W3zrGbkhI=",
            "terraform_labels": {},
            "timeouts": null,
            "zone": "europe-west1-b"
          },
          "sensitive_attributes": [],
          "private": "eyJlMmJmYjczMC1lY2FhLTExZTYtOGY4OC0zNDM2M2JjN2M0YzAiOnsiY3JlYXRlIjoxMjAwMDAwMDAwMDAwLCJkZWxldGUiOjEyMDAwMDAwMDAwMDAsInVwZGF0ZSI6MTIwMDAwMDAwMDAwMH0sInNjaGVtYV92ZXJzaW9uIjoiNiJ9",
          "dependencies": [
            "module.mon.google_compute_address.mon_reserved_external_ip",
            "module.mon.google_compute_address.mon_reserved_internal_ip"
          ]
        }
      ]
    },
    {
      "module": "module.osd",
      "mode": "managed",
      "type": "google_compute_address",
      "name": "osd_reserved_external_ip",
      "provider": "provider[\"registry.terraform.io/hashicorp/google\"]",
      "instances": [
        {
          "index_key": 0,
          "schema_version": 0,
          "attributes": {
            "address": "34.78.126.100",
            "address_type": "EXTERNAL",
            "creation_timestamp": "2023-12-10T04:23:01.698-08:00",
            "description": "",
            "effective_labels": {},
            "id": "projects/teste-407517/regions/europe-west1/addresses/osd-reserved-external-ip-0",
            "ip_version": "",
            "ipv6_endpoint_type": "",
            "label_fingerprint": "42WmSpB8rSM=",
            "labels": null,
            "name": "osd-reserved-external-ip-0",
            "network": "",
            "network_tier": "PREMIUM",
            "prefix_length": 0,
            "project": "teste-407517",
            "purpose": "",
            "region": "europe-west1",
            "self_link": "https://www.googleapis.com/compute/v1/projects/teste-407517/regions/europe-west1/addresses/osd-reserved-external-ip-0",
            "subnetwork": "",
            "terraform_labels": {},
            "timeouts": null,
            "users": []
          },
          "sensitive_attributes": [],
          "private": "eyJlMmJmYjczMC1lY2FhLTExZTYtOGY4OC0zNDM2M2JjN2M0YzAiOnsiY3JlYXRlIjoxMjAwMDAwMDAwMDAwLCJkZWxldGUiOjEyMDAwMDAwMDAwMDAsInVwZGF0ZSI6MTIwMDAwMDAwMDAwMH19"
        },
        {
          "index_key": 1,
          "schema_version": 0,
          "attributes": {
            "address": "34.140.61.233",
            "address_type": "EXTERNAL",
            "creation_timestamp": "2023-12-10T04:22:50.932-08:00",
            "description": "",
            "effective_labels": {},
            "id": "projects/teste-407517/regions/europe-west1/addresses/osd-reserved-external-ip-1",
            "ip_version": "",
            "ipv6_endpoint_type": "",
            "label_fingerprint": "42WmSpB8rSM=",
            "labels": null,
            "name": "osd-reserved-external-ip-1",
            "network": "",
            "network_tier": "PREMIUM",
            "prefix_length": 0,
            "project": "teste-407517",
            "purpose": "",
            "region": "europe-west1",
            "self_link": "https://www.googleapis.com/compute/v1/projects/teste-407517/regions/europe-west1/addresses/osd-reserved-external-ip-1",
            "subnetwork": "",
            "terraform_labels": {},
            "timeouts": null,
            "users": []
          },
          "sensitive_attributes": [],
          "private": "eyJlMmJmYjczMC1lY2FhLTExZTYtOGY4OC0zNDM2M2JjN2M0YzAiOnsiY3JlYXRlIjoxMjAwMDAwMDAwMDAwLCJkZWxldGUiOjEyMDAwMDAwMDAwMDAsInVwZGF0ZSI6MTIwMDAwMDAwMDAwMH19"
        }
      ]
    },
    {
      "module": "module.osd",
      "mode": "managed",
      "type": "google_compute_address",
      "name": "osd_reserved_internal_ip",
      "provider": "provider[\"registry.terraform.io/hashicorp/google\"]",
      "instances": [
        {
          "index_key": 0,
          "schema_version": 0,
          "attributes": {
            "address": "10.132.0.19",
            "address_type": "INTERNAL",
            "creation_timestamp": "2023-12-10T04:23:01.969-08:00",
            "description": "",
            "effective_labels": {},
            "id": "projects/teste-407517/regions/europe-west1/addresses/osd-reserved-internal-ip-0",
            "ip_version": "",
            "ipv6_endpoint_type": "",
            "label_fingerprint": "42WmSpB8rSM=",
            "labels": null,
            "name": "osd-reserved-internal-ip-0",
            "network": "",
            "network_tier": "PREMIUM",
            "prefix_length": 0,
            "project": "teste-407517",
            "purpose": "GCE_ENDPOINT",
            "region": "europe-west1",
            "self_link": "https://www.googleapis.com/compute/v1/projects/teste-407517/regions/europe-west1/addresses/osd-reserved-internal-ip-0",
            "subnetwork": "https://www.googleapis.com/compute/v1/projects/teste-407517/regions/europe-west1/subnetworks/default",
            "terraform_labels": {},
            "timeouts": null,
            "users": []
          },
          "sensitive_attributes": [],
          "private": "eyJlMmJmYjczMC1lY2FhLTExZTYtOGY4OC0zNDM2M2JjN2M0YzAiOnsiY3JlYXRlIjoxMjAwMDAwMDAwMDAwLCJkZWxldGUiOjEyMDAwMDAwMDAwMDAsInVwZGF0ZSI6MTIwMDAwMDAwMDAwMH19"
        },
        {
          "index_key": 1,
          "schema_version": 0,
          "attributes": {
            "address": "10.132.0.17",
            "address_type": "INTERNAL",
            "creation_timestamp": "2023-12-10T04:22:50.844-08:00",
            "description": "",
            "effective_labels": {},
            "id": "projects/teste-407517/regions/europe-west1/addresses/osd-reserved-internal-ip-1",
            "ip_version": "",
            "ipv6_endpoint_type": "",
            "label_fingerprint": "42WmSpB8rSM=",
            "labels": null,
            "name": "osd-reserved-internal-ip-1",
            "network": "",
            "network_tier": "PREMIUM",
            "prefix_length": 0,
            "project": "teste-407517",
            "purpose": "GCE_ENDPOINT",
            "region": "europe-west1",
            "self_link": "https://www.googleapis.com/compute/v1/projects/teste-407517/regions/europe-west1/addresses/osd-reserved-internal-ip-1",
            "subnetwork": "https://www.googleapis.com/compute/v1/projects/teste-407517/regions/europe-west1/subnetworks/default",
            "terraform_labels": {},
            "timeouts": null,
            "users": []
          },
          "sensitive_attributes": [],
          "private": "eyJlMmJmYjczMC1lY2FhLTExZTYtOGY4OC0zNDM2M2JjN2M0YzAiOnsiY3JlYXRlIjoxMjAwMDAwMDAwMDAwLCJkZWxldGUiOjEyMDAwMDAwMDAwMDAsInVwZGF0ZSI6MTIwMDAwMDAwMDAwMH19"
        }
      ]
    },
    {
      "module": "module.osd",
      "mode": "managed",
      "type": "google_compute_disk",
      "name": "osd_data_disk",
      "provider": "provider[\"registry.terraform.io/hashicorp/google\"]",
      "instances": [
        {
          "index_key": 0,
          "schema_version": 0,
          "attributes": {
            "async_primary_disk": [],
            "creation_timestamp": "2023-12-10T04:22:50.510-08:00",
            "description": "",
            "disk_encryption_key": [],
            "effective_labels": {},
            "guest_os_features": [],
            "id": "projects/teste-407517/zones/europe-west1-b/disks/ceph-osd-data-disk-0",
            "image": "",
            "label_fingerprint": "42WmSpB8rSM=",
            "labels": null,
            "last_attach_timestamp": "",
            "last_detach_timestamp": "",
            "licenses": [],
            "name": "ceph-osd-data-disk-0",
            "physical_block_size_bytes": 4096,
            "project": "teste-407517",
            "provisioned_iops": 0,
            "provisioned_throughput": 0,
            "self_link": "https://www.googleapis.com/compute/v1/projects/teste-407517/zones/europe-west1-b/disks/ceph-osd-data-disk-0",
            "size": 10,
            "snapshot": "",
            "source_disk": "",
            "source_disk_id": "",
            "source_image_encryption_key": [],
            "source_image_id": "",
            "source_snapshot_encryption_key": [],
            "source_snapshot_id": "",
            "terraform_labels": {},
            "timeouts": null,
            "type": "pd-standard",
            "users": [],
            "zone": "europe-west1-b"
          },
          "sensitive_attributes": [],
          "private": "eyJlMmJmYjczMC1lY2FhLTExZTYtOGY4OC0zNDM2M2JjN2M0YzAiOnsiY3JlYXRlIjoxMjAwMDAwMDAwMDAwLCJkZWxldGUiOjEyMDAwMDAwMDAwMDAsInVwZGF0ZSI6MTIwMDAwMDAwMDAwMH19"
        },
        {
          "index_key": 1,
          "schema_version": 0,
          "attributes": {
            "async_primary_disk": [],
            "creation_timestamp": "2023-12-10T04:23:01.662-08:00",
            "description": "",
            "disk_encryption_key": [],
            "effective_labels": {},
            "guest_os_features": [],
            "id": "projects/teste-407517/zones/europe-west1-b/disks/ceph-osd-data-disk-1",
            "image": "",
            "label_fingerprint": "42WmSpB8rSM=",
            "labels": null,
            "last_attach_timestamp": "",
            "last_detach_timestamp": "",
            "licenses": [],
            "name": "ceph-osd-data-disk-1",
            "physical_block_size_bytes": 4096,
            "project": "teste-407517",
            "provisioned_iops": 0,
            "provisioned_throughput": 0,
            "self_link": "https://www.googleapis.com/compute/v1/projects/teste-407517/zones/europe-west1-b/disks/ceph-osd-data-disk-1",
            "size": 10,
            "snapshot": "",
            "source_disk": "",
            "source_disk_id": "",
            "source_image_encryption_key": [],
            "source_image_id": "",
            "source_snapshot_encryption_key": [],
            "source_snapshot_id": "",
            "terraform_labels": {},
            "timeouts": null,
            "type": "pd-standard",
            "users": [],
            "zone": "europe-west1-b"
          },
          "sensitive_attributes": [],
          "private": "eyJlMmJmYjczMC1lY2FhLTExZTYtOGY4OC0zNDM2M2JjN2M0YzAiOnsiY3JlYXRlIjoxMjAwMDAwMDAwMDAwLCJkZWxldGUiOjEyMDAwMDAwMDAwMDAsInVwZGF0ZSI6MTIwMDAwMDAwMDAwMH19"
        }
      ]
    },
    {
      "module": "module.osd",
      "mode": "managed",
      "type": "google_compute_instance",
      "name": "osd_instance",
      "provider": "provider[\"registry.terraform.io/hashicorp/google\"]",
      "instances": [
        {
          "index_key": 0,
          "schema_version": 6,
          "attributes": {
            "advanced_machine_features": [],
            "allow_stopping_for_update": null,
            "attached_disk": [
              {
                "device_name": "persistent-disk-1",
                "disk_encryption_key_raw": "",
                "disk_encryption_key_sha256": "",
                "kms_key_self_link": "",
                "mode": "READ_WRITE",
                "source": "https://www.googleapis.com/compute/v1/projects/teste-407517/zones/europe-west1-b/disks/ceph-osd-data-disk-0"
              }
            ],
            "boot_disk": [
              {
                "auto_delete": true,
                "device_name": "persistent-disk-0",
                "disk_encryption_key_raw": "",
                "disk_encryption_key_sha256": "",
                "initialize_params": [
                  {
                    "image": "https://www.googleapis.com/compute/v1/projects/ubuntu-os-cloud/global/images/ubuntu-2004-focal-v20231130",
                    "labels": {},
                    "resource_manager_tags": null,
                    "size": 10,
                    "type": "pd-standard"
                  }
                ],
                "kms_key_self_link": "",
                "mode": "READ_WRITE",
                "source": "https://www.googleapis.com/compute/v1/projects/teste-407517/zones/europe-west1-b/disks/ceph-osd-0"
              }
            ],
            "can_ip_forward": false,
            "confidential_instance_config": [],
            "cpu_platform": "Intel Broadwell",
            "current_status": "RUNNING",
            "deletion_protection": false,
            "description": "",
            "desired_status": null,
            "effective_labels": {},
            "enable_display": false,
            "guest_accelerator": [],
            "hostname": "",
            "id": "projects/teste-407517/zones/europe-west1-b/instances/ceph-osd-0",
            "instance_id": "8302783690310161246",
            "label_fingerprint": "42WmSpB8rSM=",
            "labels": null,
            "machine_type": "e2-medium",
            "metadata": null,
            "metadata_fingerprint": "4h6U0cXNFpI=",
            "metadata_startup_script": "#!/bin/bash\n\n# Update package lists\napt-get update\n\n# Install cephadm\nsudo apt install -y docker.io",
            "min_cpu_platform": "",
            "name": "ceph-osd-0",
            "network_interface": [
              {
                "access_config": [
                  {
                    "nat_ip": "34.78.126.100",
                    "network_tier": "PREMIUM",
                    "public_ptr_domain_name": ""
                  }
                ],
                "alias_ip_range": [],
                "internal_ipv6_prefix_length": 0,
                "ipv6_access_config": [],
                "ipv6_access_type": "",
                "ipv6_address": "",
                "name": "nic0",
                "network": "https://www.googleapis.com/compute/v1/projects/teste-407517/global/networks/default",
                "network_ip": "10.132.0.19",
                "nic_type": "",
                "queue_count": 0,
                "stack_type": "IPV4_ONLY",
                "subnetwork": "https://www.googleapis.com/compute/v1/projects/teste-407517/regions/europe-west1/subnetworks/default",
                "subnetwork_project": "teste-407517"
              }
            ],
            "network_performance_config": [],
            "params": [],
            "project": "teste-407517",
            "reservation_affinity": [],
            "resource_policies": null,
            "scheduling": [
              {
                "automatic_restart": true,
                "instance_termination_action": "",
                "local_ssd_recovery_timeout": [],
                "min_node_cpus": 0,
                "node_affinities": [],
                "on_host_maintenance": "MIGRATE",
                "preemptible": false,
                "provisioning_model": "STANDARD"
              }
            ],
            "scratch_disk": [],
            "self_link": "https://www.googleapis.com/compute/v1/projects/teste-407517/zones/europe-west1-b/instances/ceph-osd-0",
            "service_account": [],
            "shielded_instance_config": [
              {
                "enable_integrity_monitoring": true,
                "enable_secure_boot": false,
                "enable_vtpm": true
              }
            ],
            "tags": [
              "ceph-nodes"
            ],
            "tags_fingerprint": "fE7w0wKG0kM=",
            "terraform_labels": {},
            "timeouts": null,
            "zone": "europe-west1-b"
          },
          "sensitive_attributes": [],
          "private": "eyJlMmJmYjczMC1lY2FhLTExZTYtOGY4OC0zNDM2M2JjN2M0YzAiOnsiY3JlYXRlIjoxMjAwMDAwMDAwMDAwLCJkZWxldGUiOjEyMDAwMDAwMDAwMDAsInVwZGF0ZSI6MTIwMDAwMDAwMDAwMH0sInNjaGVtYV92ZXJzaW9uIjoiNiJ9",
          "dependencies": [
            "module.osd.google_compute_address.osd_reserved_external_ip",
            "module.osd.google_compute_address.osd_reserved_internal_ip",
            "module.osd.google_compute_disk.osd_data_disk"
          ]
        },
        {
          "index_key": 1,
          "schema_version": 6,
          "attributes": {
            "advanced_machine_features": [],
            "allow_stopping_for_update": null,
            "attached_disk": [
              {
                "device_name": "persistent-disk-1",
                "disk_encryption_key_raw": "",
                "disk_encryption_key_sha256": "",
                "kms_key_self_link": "",
                "mode": "READ_WRITE",
                "source": "https://www.googleapis.com/compute/v1/projects/teste-407517/zones/europe-west1-b/disks/ceph-osd-data-disk-1"
              }
            ],
            "boot_disk": [
              {
                "auto_delete": true,
                "device_name": "persistent-disk-0",
                "disk_encryption_key_raw": "",
                "disk_encryption_key_sha256": "",
                "initialize_params": [
                  {
                    "image": "https://www.googleapis.com/compute/v1/projects/ubuntu-os-cloud/global/images/ubuntu-2004-focal-v20231130",
                    "labels": {},
                    "resource_manager_tags": null,
                    "size": 10,
                    "type": "pd-standard"
                  }
                ],
                "kms_key_self_link": "",
                "mode": "READ_WRITE",
                "source": "https://www.googleapis.com/compute/v1/projects/teste-407517/zones/europe-west1-b/disks/ceph-osd-1"
              }
            ],
            "can_ip_forward": false,
            "confidential_instance_config": [],
            "cpu_platform": "Intel Broadwell",
            "current_status": "RUNNING",
            "deletion_protection": false,
            "description": "",
            "desired_status": null,
            "effective_labels": {},
            "enable_display": false,
            "guest_accelerator": [],
            "hostname": "",
            "id": "projects/teste-407517/zones/europe-west1-b/instances/ceph-osd-1",
            "instance_id": "1494446827416064861",
            "label_fingerprint": "42WmSpB8rSM=",
            "labels": null,
            "machine_type": "e2-medium",
            "metadata": null,
            "metadata_fingerprint": "4h6U0cXNFpI=",
            "metadata_startup_script": "#!/bin/bash\n\n# Update package lists\napt-get update\n\n# Install cephadm\nsudo apt install -y docker.io",
            "min_cpu_platform": "",
            "name": "ceph-osd-1",
            "network_interface": [
              {
                "access_config": [
                  {
                    "nat_ip": "34.140.61.233",
                    "network_tier": "PREMIUM",
                    "public_ptr_domain_name": ""
                  }
                ],
                "alias_ip_range": [],
                "internal_ipv6_prefix_length": 0,
                "ipv6_access_config": [],
                "ipv6_access_type": "",
                "ipv6_address": "",
                "name": "nic0",
                "network": "https://www.googleapis.com/compute/v1/projects/teste-407517/global/networks/default",
                "network_ip": "10.132.0.17",
                "nic_type": "",
                "queue_count": 0,
                "stack_type": "IPV4_ONLY",
                "subnetwork": "https://www.googleapis.com/compute/v1/projects/teste-407517/regions/europe-west1/subnetworks/default",
                "subnetwork_project": "teste-407517"
              }
            ],
            "network_performance_config": [],
            "params": [],
            "project": "teste-407517",
            "reservation_affinity": [],
            "resource_policies": null,
            "scheduling": [
              {
                "automatic_restart": true,
                "instance_termination_action": "",
                "local_ssd_recovery_timeout": [],
                "min_node_cpus": 0,
                "node_affinities": [],
                "on_host_maintenance": "MIGRATE",
                "preemptible": false,
                "provisioning_model": "STANDARD"
              }
            ],
            "scratch_disk": [],
            "self_link": "https://www.googleapis.com/compute/v1/projects/teste-407517/zones/europe-west1-b/instances/ceph-osd-1",
            "service_account": [],
            "shielded_instance_config": [
              {
                "enable_integrity_monitoring": true,
                "enable_secure_boot": false,
                "enable_vtpm": true
              }
            ],
            "tags": [
              "ceph-nodes"
            ],
            "tags_fingerprint": "fE7w0wKG0kM=",
            "terraform_labels": {},
            "timeouts": null,
            "zone": "europe-west1-b"
          },
          "sensitive_attributes": [],
          "private": "eyJlMmJmYjczMC1lY2FhLTExZTYtOGY4OC0zNDM2M2JjN2M0YzAiOnsiY3JlYXRlIjoxMjAwMDAwMDAwMDAwLCJkZWxldGUiOjEyMDAwMDAwMDAwMDAsInVwZGF0ZSI6MTIwMDAwMDAwMDAwMH0sInNjaGVtYV92ZXJzaW9uIjoiNiJ9",
          "dependencies": [
            "module.osd.google_compute_address.osd_reserved_external_ip",
            "module.osd.google_compute_address.osd_reserved_internal_ip",
            "module.osd.google_compute_disk.osd_data_disk"
          ]
        }
      ]
    },
    {
      "module": "module.rbd",
      "mode": "managed",
      "type": "google_compute_address",
      "name": "rbd_reserved_external_ip",
      "provider": "provider[\"registry.terraform.io/hashicorp/google\"]",
      "instances": [
        {
          "schema_version": 0,
          "attributes": {
            "address": "34.78.103.149",
            "address_type": "EXTERNAL",
            "creation_timestamp": "2023-12-10T04:23:01.986-08:00",
            "description": "",
            "effective_labels": {},
            "id": "projects/teste-407517/regions/europe-west1/addresses/rbd-reserved-external-ip",
            "ip_version": "",
            "ipv6_endpoint_type": "",
            "label_fingerprint": "42WmSpB8rSM=",
            "labels": null,
            "name": "rbd-reserved-external-ip",
            "network": "",
            "network_tier": "PREMIUM",
            "prefix_length": 0,
            "project": "teste-407517",
            "purpose": "",
            "region": "europe-west1",
            "self_link": "https://www.googleapis.com/compute/v1/projects/teste-407517/regions/europe-west1/addresses/rbd-reserved-external-ip",
            "subnetwork": "",
            "terraform_labels": {},
            "timeouts": null,
            "users": []
          },
          "sensitive_attributes": [],
          "private": "eyJlMmJmYjczMC1lY2FhLTExZTYtOGY4OC0zNDM2M2JjN2M0YzAiOnsiY3JlYXRlIjoxMjAwMDAwMDAwMDAwLCJkZWxldGUiOjEyMDAwMDAwMDAwMDAsInVwZGF0ZSI6MTIwMDAwMDAwMDAwMH19"
        }
      ]
    },
    {
      "module": "module.rbd",
      "mode": "managed",
      "type": "google_compute_address",
      "name": "rbd_reserved_internal_ip",
      "provider": "provider[\"registry.terraform.io/hashicorp/google\"]",
      "instances": [
        {
          "schema_version": 0,
          "attributes": {
            "address": "10.132.0.16",
            "address_type": "INTERNAL",
            "creation_timestamp": "2023-12-10T04:22:50.927-08:00",
            "description": "",
            "effective_labels": {},
            "id": "projects/teste-407517/regions/europe-west1/addresses/rbd-reserved-internal-ip",
            "ip_version": "",
            "ipv6_endpoint_type": "",
            "label_fingerprint": "42WmSpB8rSM=",
            "labels": null,
            "name": "rbd-reserved-internal-ip",
            "network": "",
            "network_tier": "PREMIUM",
            "prefix_length": 0,
            "project": "teste-407517",
            "purpose": "GCE_ENDPOINT",
            "region": "europe-west1",
            "self_link": "https://www.googleapis.com/compute/v1/projects/teste-407517/regions/europe-west1/addresses/rbd-reserved-internal-ip",
            "subnetwork": "https://www.googleapis.com/compute/v1/projects/teste-407517/regions/europe-west1/subnetworks/default",
            "terraform_labels": {},
            "timeouts": null,
            "users": []
          },
          "sensitive_attributes": [],
          "private": "eyJlMmJmYjczMC1lY2FhLTExZTYtOGY4OC0zNDM2M2JjN2M0YzAiOnsiY3JlYXRlIjoxMjAwMDAwMDAwMDAwLCJkZWxldGUiOjEyMDAwMDAwMDAwMDAsInVwZGF0ZSI6MTIwMDAwMDAwMDAwMH19"
        }
      ]
    },
    {
      "module": "module.rbd",
      "mode": "managed",
      "type": "google_compute_instance",
      "name": "rbd_client_instance",
      "provider": "provider[\"registry.terraform.io/hashicorp/google\"]",
      "instances": [
        {
          "schema_version": 6,
          "attributes": {
            "advanced_machine_features": [],
            "allow_stopping_for_update": null,
            "attached_disk": [],
            "boot_disk": [
              {
                "auto_delete": true,
                "device_name": "persistent-disk-0",
                "disk_encryption_key_raw": "",
                "disk_encryption_key_sha256": "",
                "initialize_params": [
                  {
                    "image": "https://www.googleapis.com/compute/v1/projects/ubuntu-os-cloud/global/images/ubuntu-2004-focal-v20231130",
                    "labels": {},
                    "resource_manager_tags": null,
                    "size": 10,
                    "type": "pd-standard"
                  }
                ],
                "kms_key_self_link": "",
                "mode": "READ_WRITE",
                "source": "https://www.googleapis.com/compute/v1/projects/teste-407517/zones/europe-west1-b/disks/ceph-rbd-client"
              }
            ],
            "can_ip_forward": false,
            "confidential_instance_config": [],
            "cpu_platform": "Intel Broadwell",
            "current_status": "RUNNING",
            "deletion_protection": false,
            "description": "",
            "desired_status": null,
            "effective_labels": {},
            "enable_display": false,
            "guest_accelerator": [],
            "hostname": "",
            "id": "projects/teste-407517/zones/europe-west1-b/instances/ceph-rbd-client",
            "instance_id": "2322274225799828317",
            "label_fingerprint": "42WmSpB8rSM=",
            "labels": null,
            "machine_type": "e2-medium",
            "metadata": null,
            "metadata_fingerprint": "7gJGq_h9bpA=",
            "metadata_startup_script": "#!/bin/bash\n\n# Update package lists\napt-get update\n\n# Install cephadm\nsudo apt install -y docker.io\nsudo apt install -y ceph-common\nsudo apt install -y postgresql-12",
            "min_cpu_platform": "",
            "name": "ceph-rbd-client",
            "network_interface": [
              {
                "access_config": [
                  {
                    "nat_ip": "34.78.103.149",
                    "network_tier": "PREMIUM",
                    "public_ptr_domain_name": ""
                  }
                ],
                "alias_ip_range": [],
                "internal_ipv6_prefix_length": 0,
                "ipv6_access_config": [],
                "ipv6_access_type": "",
                "ipv6_address": "",
                "name": "nic0",
                "network": "https://www.googleapis.com/compute/v1/projects/teste-407517/global/networks/default",
                "network_ip": "10.132.0.16",
                "nic_type": "",
                "queue_count": 0,
                "stack_type": "IPV4_ONLY",
                "subnetwork": "https://www.googleapis.com/compute/v1/projects/teste-407517/regions/europe-west1/subnetworks/default",
                "subnetwork_project": "teste-407517"
              }
            ],
            "network_performance_config": [],
            "params": [],
            "project": "teste-407517",
            "reservation_affinity": [],
            "resource_policies": null,
            "scheduling": [
              {
                "automatic_restart": true,
                "instance_termination_action": "",
                "local_ssd_recovery_timeout": [],
                "min_node_cpus": 0,
                "node_affinities": [],
                "on_host_maintenance": "MIGRATE",
                "preemptible": false,
                "provisioning_model": "STANDARD"
              }
            ],
            "scratch_disk": [],
            "self_link": "https://www.googleapis.com/compute/v1/projects/teste-407517/zones/europe-west1-b/instances/ceph-rbd-client",
            "service_account": [],
            "shielded_instance_config": [
              {
                "enable_integrity_monitoring": true,
                "enable_secure_boot": false,
                "enable_vtpm": true
              }
            ],
            "tags": [
              "ceph-nodes"
            ],
            "tags_fingerprint": "fE7w0wKG0kM=",
            "terraform_labels": {},
            "timeouts": null,
            "zone": "europe-west1-b"
          },
          "sensitive_attributes": [],
          "private": "eyJlMmJmYjczMC1lY2FhLTExZTYtOGY4OC0zNDM2M2JjN2M0YzAiOnsiY3JlYXRlIjoxMjAwMDAwMDAwMDAwLCJkZWxldGUiOjEyMDAwMDAwMDAwMDAsInVwZGF0ZSI6MTIwMDAwMDAwMDAwMH0sInNjaGVtYV92ZXJzaW9uIjoiNiJ9",
          "dependencies": [
            "module.rbd.google_compute_address.rbd_reserved_external_ip",
            "module.rbd.google_compute_address.rbd_reserved_internal_ip"
          ]
        }
      ]
    }
  ],
  "check_results": null
}
