{
  "version": 4,
  "terraform_version": "1.6.4",
  "serial": 902,
  "lineage": "cd710fcf-e085-ffb2-44a0-d710263f62be",
  "outputs": {
    "backup_reserved_external_ip": {
      "value": "34.140.96.221",
      "type": "string"
    },
    "backup_reserved_internal_ip": {
      "value": "10.132.0.16",
      "type": "string"
    },
    "mgr_reserved_external_ip": {
      "value": "35.205.242.35",
      "type": "string"
    },
    "mgr_reserved_internal_ip": {
      "value": "10.132.0.17",
      "type": "string"
    },
    "mon_reserved_external_ip": {
      "value": "35.187.27.91",
      "type": "string"
    },
    "mon_reserved_internal_ip": {
      "value": "10.132.0.22",
      "type": "string"
    },
    "osd_reserved_external_ips": {
      "value": [
        "35.240.113.35",
        "34.38.39.86"
      ],
      "type": [
        "tuple",
        [
          "string",
          "string"
        ]
      ]
    },
    "osd_reserved_internal_ips": {
      "value": [
        "10.132.0.20",
        "10.132.0.26"
      ],
      "type": [
        "tuple",
        [
          "string",
          "string"
        ]
      ]
    },
    "rbd_reserved_external_ip": {
      "value": "104.199.12.216",
      "type": "string"
    },
    "rbd_reserved_internal_ip": {
      "value": "10.132.0.21",
      "type": "string"
    }
  },
  "resources": [
    {
      "mode": "data",
      "type": "template_file",
      "name": "cephadm_config",
      "provider": "provider[\"registry.terraform.io/hashicorp/template\"]",
      "instances": [
        {
          "schema_version": 0,
          "attributes": {
            "filename": null,
            "id": "9c0dccfb2b9bfdd16fc1ec39dbaeb1fec67f17afbafc9be09bca9676ac7571f3",
            "rendered": "# cephadm-config.yaml.tpl\n\nosd:\n  count: 2\n  hosts:\n    - 35.240.113.35\n    - 34.38.39.86\n\nmon:\n  count: 1\n  hosts:\n    - 35.187.27.91\n\nmgr:\n  count: 1\n  hosts:\n    - 35.205.242.35\n\nrbd:\n  count: 1\n  hosts:\n    - 104.199.12.216",
            "template": "# cephadm-config.yaml.tpl\n\nosd:\n  count: ${osd_instance_count}\n  hosts:\n    - ${osd_host_1}\n    - ${osd_host_2}\n\nmon:\n  count: 1\n  hosts:\n    - ${mon_host}\n\nmgr:\n  count: 1\n  hosts:\n    - ${mgr_host}\n\nrbd:\n  count: 1\n  hosts:\n    - ${rbd_host}",
            "vars": {
              "mgr_host": "35.205.242.35",
              "mon_host": "35.187.27.91",
              "osd_host_1": "35.240.113.35",
              "osd_host_2": "34.38.39.86",
              "osd_instance_count": "2",
              "rbd_host": "104.199.12.216"
            }
          },
          "sensitive_attributes": []
        }
      ]
    },
    {
      "mode": "managed",
      "type": "google_compute_firewall",
      "name": "ceph_cluster",
      "provider": "provider[\"registry.terraform.io/hashicorp/google\"]",
      "instances": [
        {
          "schema_version": 1,
          "attributes": {
            "allow": [
              {
                "ports": [
                  "3300"
                ],
                "protocol": "tcp"
              }
            ],
            "creation_timestamp": "2023-11-28T03:42:43.534-08:00",
            "deny": [],
            "description": "",
            "destination_ranges": [],
            "direction": "INGRESS",
            "disabled": false,
            "enable_logging": null,
            "id": "projects/sys-admin-project-402817/global/firewalls/ceph-cluster-firewall",
            "log_config": [],
            "name": "ceph-cluster-firewall",
            "network": "https://www.googleapis.com/compute/v1/projects/sys-admin-project-402817/global/networks/my-vpc",
            "priority": 1000,
            "project": "sys-admin-project-402817",
            "self_link": "https://www.googleapis.com/compute/v1/projects/sys-admin-project-402817/global/firewalls/ceph-cluster-firewall",
            "source_ranges": [
              "0.0.0.0/0"
            ],
            "source_service_accounts": null,
            "source_tags": null,
            "target_service_accounts": null,
            "target_tags": [
              "ceph-nodes"
            ],
            "timeouts": null
          },
          "sensitive_attributes": [],
          "private": "eyJlMmJmYjczMC1lY2FhLTExZTYtOGY4OC0zNDM2M2JjN2M0YzAiOnsiY3JlYXRlIjoxMjAwMDAwMDAwMDAwLCJkZWxldGUiOjEyMDAwMDAwMDAwMDAsInVwZGF0ZSI6MTIwMDAwMDAwMDAwMH0sInNjaGVtYV92ZXJzaW9uIjoiMSJ9",
          "dependencies": [
            "google_compute_network.my_vpc"
          ]
        }
      ]
    },
    {
      "mode": "managed",
      "type": "google_compute_network",
      "name": "my_vpc",
      "provider": "provider[\"registry.terraform.io/hashicorp/google\"]",
      "instances": [
        {
          "schema_version": 0,
          "attributes": {
            "auto_create_subnetworks": false,
            "delete_default_routes_on_create": false,
            "description": "",
            "enable_ula_internal_ipv6": false,
            "gateway_ipv4": "",
            "id": "projects/sys-admin-project-402817/global/networks/my-vpc",
            "internal_ipv6_range": "",
            "mtu": 0,
            "name": "my-vpc",
            "network_firewall_policy_enforcement_order": "AFTER_CLASSIC_FIREWALL",
            "project": "sys-admin-project-402817",
            "routing_mode": "REGIONAL",
            "self_link": "https://www.googleapis.com/compute/v1/projects/sys-admin-project-402817/global/networks/my-vpc",
            "timeouts": null
          },
          "sensitive_attributes": [],
          "private": "eyJlMmJmYjczMC1lY2FhLTExZTYtOGY4OC0zNDM2M2JjN2M0YzAiOnsiY3JlYXRlIjoxMjAwMDAwMDAwMDAwLCJkZWxldGUiOjEyMDAwMDAwMDAwMDAsInVwZGF0ZSI6MTIwMDAwMDAwMDAwMH19"
        }
      ]
    },
    {
      "mode": "managed",
      "type": "google_compute_subnetwork",
      "name": "my_subnetwork",
      "provider": "provider[\"registry.terraform.io/hashicorp/google\"]",
      "instances": [
        {
          "schema_version": 0,
          "attributes": {
            "creation_timestamp": "2023-11-28T03:42:44.087-08:00",
            "description": "",
            "external_ipv6_prefix": "",
            "fingerprint": null,
            "gateway_address": "10.0.1.1",
            "id": "projects/sys-admin-project-402817/regions/europe-west1/subnetworks/my-subnetwork",
            "internal_ipv6_prefix": "",
            "ip_cidr_range": "10.0.1.0/24",
            "ipv6_access_type": "",
            "ipv6_cidr_range": "",
            "log_config": [],
            "name": "my-subnetwork",
            "network": "https://www.googleapis.com/compute/v1/projects/sys-admin-project-402817/global/networks/my-vpc",
            "private_ip_google_access": true,
            "private_ipv6_google_access": "DISABLE_GOOGLE_ACCESS",
            "project": "sys-admin-project-402817",
            "purpose": "PRIVATE",
            "region": "europe-west1",
            "role": "",
            "secondary_ip_range": [],
            "self_link": "https://www.googleapis.com/compute/v1/projects/sys-admin-project-402817/regions/europe-west1/subnetworks/my-subnetwork",
            "stack_type": "IPV4_ONLY",
            "timeouts": null
          },
          "sensitive_attributes": [],
          "private": "eyJlMmJmYjczMC1lY2FhLTExZTYtOGY4OC0zNDM2M2JjN2M0YzAiOnsiY3JlYXRlIjoxMjAwMDAwMDAwMDAwLCJkZWxldGUiOjEyMDAwMDAwMDAwMDAsInVwZGF0ZSI6MTIwMDAwMDAwMDAwMH19",
          "dependencies": [
            "google_compute_network.my_vpc"
          ]
        }
      ]
    },
    {
      "mode": "managed",
      "type": "local_file",
      "name": "cephadm_config_file",
      "provider": "provider[\"registry.terraform.io/hashicorp/local\"]",
      "instances": [
        {
          "schema_version": 0,
          "attributes": {
            "content": "# cephadm-config.yaml.tpl\n\nosd:\n  count: 2\n  hosts:\n    - 35.240.113.35\n    - 34.38.39.86\n\nmon:\n  count: 1\n  hosts:\n    - 35.187.27.91\n\nmgr:\n  count: 1\n  hosts:\n    - 35.205.242.35\n\nrbd:\n  count: 1\n  hosts:\n    - 104.199.12.216",
            "content_base64": null,
            "content_base64sha256": "nA3M+yub/dFvwew5266x/sZ/F6+6/Jvgm8qWdqx1cfM=",
            "content_base64sha512": "vF393c1osBV1lKfa9e9VKiJHttbz9/3eZcMV1bI0KqUnuN/NZ064U9hYuKQZaKQQr/z/WjcNxtFXQCyIWsLVvw==",
            "content_md5": "085ca2193d0a866183d74048293530d1",
            "content_sha1": "3bedff5a892a9e1e74381e2a45c718e983454b37",
            "content_sha256": "9c0dccfb2b9bfdd16fc1ec39dbaeb1fec67f17afbafc9be09bca9676ac7571f3",
            "content_sha512": "bc5dfdddcd68b0157594a7daf5ef552a2247b6d6f3f7fdde65c315d5b2342aa527b8dfcd674eb853d858b8a41968a410affcff5a370dc6d157402c885ac2d5bf",
            "directory_permission": "0777",
            "file_permission": "0777",
            "filename": "cephadm-config.yaml",
            "id": "3bedff5a892a9e1e74381e2a45c718e983454b37",
            "sensitive_content": null,
            "source": null
          },
          "sensitive_attributes": [],
          "dependencies": [
            "data.template_file.cephadm_config",
            "module.mgr.google_compute_address.mgr_reserved_external_ip",
            "module.mon.google_compute_address.mon_reserved_external_ip",
            "module.osd.google_compute_address.osd_reserved_external_ip",
            "module.rbd.google_compute_address.rbd_reserved_external_ip"
          ]
        }
      ]
    },
    {
      "module": "module.backup",
      "mode": "managed",
      "type": "google_compute_address",
      "name": "backup_reserved_external_ip",
      "provider": "provider[\"registry.terraform.io/hashicorp/google\"]",
      "instances": [
        {
          "schema_version": 0,
          "attributes": {
            "address": "34.140.96.221",
            "address_type": "EXTERNAL",
            "creation_timestamp": "2023-11-28T03:42:20.789-08:00",
            "description": "",
            "effective_labels": {},
            "id": "projects/sys-admin-project-402817/regions/europe-west1/addresses/backup-reserved-external-ip",
            "ip_version": "",
            "ipv6_endpoint_type": "",
            "label_fingerprint": "42WmSpB8rSM=",
            "labels": null,
            "name": "backup-reserved-external-ip",
            "network": "",
            "network_tier": "PREMIUM",
            "prefix_length": 0,
            "project": "sys-admin-project-402817",
            "purpose": "",
            "region": "europe-west1",
            "self_link": "https://www.googleapis.com/compute/v1/projects/sys-admin-project-402817/regions/europe-west1/addresses/backup-reserved-external-ip",
            "subnetwork": "",
            "terraform_labels": {},
            "timeouts": null,
            "users": []
          },
          "sensitive_attributes": [],
          "private": "eyJlMmJmYjczMC1lY2FhLTExZTYtOGY4OC0zNDM2M2JjN2M0YzAiOnsiY3JlYXRlIjoxMjAwMDAwMDAwMDAwLCJkZWxldGUiOjEyMDAwMDAwMDAwMDAsInVwZGF0ZSI6MTIwMDAwMDAwMDAwMH19"
        }
      ]
    },
    {
      "module": "module.backup",
      "mode": "managed",
      "type": "google_compute_address",
      "name": "backup_reserved_internal_ip",
      "provider": "provider[\"registry.terraform.io/hashicorp/google\"]",
      "instances": [
        {
          "schema_version": 0,
          "attributes": {
            "address": "10.132.0.16",
            "address_type": "INTERNAL",
            "creation_timestamp": "2023-11-28T03:42:20.773-08:00",
            "description": "",
            "effective_labels": {},
            "id": "projects/sys-admin-project-402817/regions/europe-west1/addresses/backup-reserved-internal-ip",
            "ip_version": "",
            "ipv6_endpoint_type": "",
            "label_fingerprint": "42WmSpB8rSM=",
            "labels": null,
            "name": "backup-reserved-internal-ip",
            "network": "",
            "network_tier": "PREMIUM",
            "prefix_length": 0,
            "project": "sys-admin-project-402817",
            "purpose": "GCE_ENDPOINT",
            "region": "europe-west1",
            "self_link": "https://www.googleapis.com/compute/v1/projects/sys-admin-project-402817/regions/europe-west1/addresses/backup-reserved-internal-ip",
            "subnetwork": "https://www.googleapis.com/compute/v1/projects/sys-admin-project-402817/regions/europe-west1/subnetworks/default",
            "terraform_labels": {},
            "timeouts": null,
            "users": []
          },
          "sensitive_attributes": [],
          "private": "eyJlMmJmYjczMC1lY2FhLTExZTYtOGY4OC0zNDM2M2JjN2M0YzAiOnsiY3JlYXRlIjoxMjAwMDAwMDAwMDAwLCJkZWxldGUiOjEyMDAwMDAwMDAwMDAsInVwZGF0ZSI6MTIwMDAwMDAwMDAwMH19"
        }
      ]
    },
    {
      "module": "module.backup",
      "mode": "managed",
      "type": "google_compute_instance",
      "name": "backup_instance",
      "provider": "provider[\"registry.terraform.io/hashicorp/google\"]",
      "instances": [
        {
          "schema_version": 6,
          "attributes": {
            "advanced_machine_features": [],
            "allow_stopping_for_update": null,
            "attached_disk": [],
            "boot_disk": [
              {
                "auto_delete": true,
                "device_name": "persistent-disk-0",
                "disk_encryption_key_raw": "",
                "disk_encryption_key_sha256": "",
                "initialize_params": [
                  {
                    "image": "https://www.googleapis.com/compute/v1/projects/ubuntu-os-cloud/global/images/ubuntu-2004-focal-v20231101",
                    "labels": {},
                    "resource_manager_tags": null,
                    "size": 10,
                    "type": "pd-standard"
                  }
                ],
                "kms_key_self_link": "",
                "mode": "READ_WRITE",
                "source": "https://www.googleapis.com/compute/v1/projects/sys-admin-project-402817/zones/europe-west1-b/disks/ceph-backup-server"
              }
            ],
            "can_ip_forward": false,
            "confidential_instance_config": [],
            "cpu_platform": "Intel Broadwell",
            "current_status": "RUNNING",
            "deletion_protection": false,
            "description": "",
            "desired_status": null,
            "effective_labels": {},
            "enable_display": false,
            "guest_accelerator": [],
            "hostname": "",
            "id": "projects/sys-admin-project-402817/zones/europe-west1-b/instances/ceph-backup-server",
            "instance_id": "4058094295088393414",
            "label_fingerprint": "42WmSpB8rSM=",
            "labels": null,
            "machine_type": "e2-medium",
            "metadata": null,
            "metadata_fingerprint": "zGqVllLhp8Q=",
            "metadata_startup_script": null,
            "min_cpu_platform": "",
            "name": "ceph-backup-server",
            "network_interface": [
              {
                "access_config": [
                  {
                    "nat_ip": "34.140.96.221",
                    "network_tier": "PREMIUM",
                    "public_ptr_domain_name": ""
                  }
                ],
                "alias_ip_range": [],
                "internal_ipv6_prefix_length": 0,
                "ipv6_access_config": [],
                "ipv6_access_type": "",
                "ipv6_address": "",
                "name": "nic0",
                "network": "https://www.googleapis.com/compute/v1/projects/sys-admin-project-402817/global/networks/default",
                "network_ip": "10.132.0.16",
                "nic_type": "",
                "queue_count": 0,
                "stack_type": "IPV4_ONLY",
                "subnetwork": "https://www.googleapis.com/compute/v1/projects/sys-admin-project-402817/regions/europe-west1/subnetworks/default",
                "subnetwork_project": "sys-admin-project-402817"
              }
            ],
            "network_performance_config": [],
            "params": [],
            "project": "sys-admin-project-402817",
            "reservation_affinity": [],
            "resource_policies": null,
            "scheduling": [
              {
                "automatic_restart": true,
                "instance_termination_action": "",
                "local_ssd_recovery_timeout": [],
                "min_node_cpus": 0,
                "node_affinities": [],
                "on_host_maintenance": "MIGRATE",
                "preemptible": false,
                "provisioning_model": "STANDARD"
              }
            ],
            "scratch_disk": [],
            "self_link": "https://www.googleapis.com/compute/v1/projects/sys-admin-project-402817/zones/europe-west1-b/instances/ceph-backup-server",
            "service_account": [],
            "shielded_instance_config": [
              {
                "enable_integrity_monitoring": true,
                "enable_secure_boot": false,
                "enable_vtpm": true
              }
            ],
            "tags": null,
            "tags_fingerprint": "42WmSpB8rSM=",
            "terraform_labels": {},
            "timeouts": null,
            "zone": "europe-west1-b"
          },
          "sensitive_attributes": [],
          "private": "eyJlMmJmYjczMC1lY2FhLTExZTYtOGY4OC0zNDM2M2JjN2M0YzAiOnsiY3JlYXRlIjoxMjAwMDAwMDAwMDAwLCJkZWxldGUiOjEyMDAwMDAwMDAwMDAsInVwZGF0ZSI6MTIwMDAwMDAwMDAwMH0sInNjaGVtYV92ZXJzaW9uIjoiNiJ9",
          "dependencies": [
            "module.backup.google_compute_address.backup_reserved_external_ip",
            "module.backup.google_compute_address.backup_reserved_internal_ip"
          ]
        }
      ]
    },
    {
      "module": "module.mgr",
      "mode": "managed",
      "type": "google_compute_address",
      "name": "mgr_reserved_external_ip",
      "provider": "provider[\"registry.terraform.io/hashicorp/google\"]",
      "instances": [
        {
          "schema_version": 0,
          "attributes": {
            "address": "35.205.242.35",
            "address_type": "EXTERNAL",
            "creation_timestamp": "2023-11-28T03:42:20.781-08:00",
            "description": "",
            "effective_labels": {},
            "id": "projects/sys-admin-project-402817/regions/europe-west1/addresses/mgr-reserved-external-ip",
            "ip_version": "",
            "ipv6_endpoint_type": "",
            "label_fingerprint": "42WmSpB8rSM=",
            "labels": null,
            "name": "mgr-reserved-external-ip",
            "network": "",
            "network_tier": "PREMIUM",
            "prefix_length": 0,
            "project": "sys-admin-project-402817",
            "purpose": "",
            "region": "europe-west1",
            "self_link": "https://www.googleapis.com/compute/v1/projects/sys-admin-project-402817/regions/europe-west1/addresses/mgr-reserved-external-ip",
            "subnetwork": "",
            "terraform_labels": {},
            "timeouts": null,
            "users": []
          },
          "sensitive_attributes": [],
          "private": "eyJlMmJmYjczMC1lY2FhLTExZTYtOGY4OC0zNDM2M2JjN2M0YzAiOnsiY3JlYXRlIjoxMjAwMDAwMDAwMDAwLCJkZWxldGUiOjEyMDAwMDAwMDAwMDAsInVwZGF0ZSI6MTIwMDAwMDAwMDAwMH19"
        }
      ]
    },
    {
      "module": "module.mgr",
      "mode": "managed",
      "type": "google_compute_address",
      "name": "mgr_reserved_internal_ip",
      "provider": "provider[\"registry.terraform.io/hashicorp/google\"]",
      "instances": [
        {
          "schema_version": 0,
          "attributes": {
            "address": "10.132.0.17",
            "address_type": "INTERNAL",
            "creation_timestamp": "2023-11-28T03:42:20.806-08:00",
            "description": "",
            "effective_labels": {},
            "id": "projects/sys-admin-project-402817/regions/europe-west1/addresses/mgr-reserved-internal-ip",
            "ip_version": "",
            "ipv6_endpoint_type": "",
            "label_fingerprint": "42WmSpB8rSM=",
            "labels": null,
            "name": "mgr-reserved-internal-ip",
            "network": "",
            "network_tier": "PREMIUM",
            "prefix_length": 0,
            "project": "sys-admin-project-402817",
            "purpose": "GCE_ENDPOINT",
            "region": "europe-west1",
            "self_link": "https://www.googleapis.com/compute/v1/projects/sys-admin-project-402817/regions/europe-west1/addresses/mgr-reserved-internal-ip",
            "subnetwork": "https://www.googleapis.com/compute/v1/projects/sys-admin-project-402817/regions/europe-west1/subnetworks/default",
            "terraform_labels": {},
            "timeouts": null,
            "users": []
          },
          "sensitive_attributes": [],
          "private": "eyJlMmJmYjczMC1lY2FhLTExZTYtOGY4OC0zNDM2M2JjN2M0YzAiOnsiY3JlYXRlIjoxMjAwMDAwMDAwMDAwLCJkZWxldGUiOjEyMDAwMDAwMDAwMDAsInVwZGF0ZSI6MTIwMDAwMDAwMDAwMH19"
        }
      ]
    },
    {
      "module": "module.mgr",
      "mode": "managed",
      "type": "google_compute_instance",
      "name": "mgr_instance",
      "provider": "provider[\"registry.terraform.io/hashicorp/google\"]",
      "instances": [
        {
          "schema_version": 6,
          "attributes": {
            "advanced_machine_features": [],
            "allow_stopping_for_update": null,
            "attached_disk": [],
            "boot_disk": [
              {
                "auto_delete": true,
                "device_name": "persistent-disk-0",
                "disk_encryption_key_raw": "",
                "disk_encryption_key_sha256": "",
                "initialize_params": [
                  {
                    "image": "https://www.googleapis.com/compute/v1/projects/ubuntu-os-cloud/global/images/ubuntu-2004-focal-v20231101",
                    "labels": {},
                    "resource_manager_tags": null,
                    "size": 10,
                    "type": "pd-standard"
                  }
                ],
                "kms_key_self_link": "",
                "mode": "READ_WRITE",
                "source": "https://www.googleapis.com/compute/v1/projects/sys-admin-project-402817/zones/europe-west1-b/disks/ceph-mgr"
              }
            ],
            "can_ip_forward": false,
            "confidential_instance_config": [],
            "cpu_platform": "Intel Broadwell",
            "current_status": "RUNNING",
            "deletion_protection": false,
            "description": "",
            "desired_status": null,
            "effective_labels": {},
            "enable_display": false,
            "guest_accelerator": [],
            "hostname": "",
            "id": "projects/sys-admin-project-402817/zones/europe-west1-b/instances/ceph-mgr",
            "instance_id": "8495844179661319366",
            "label_fingerprint": "42WmSpB8rSM=",
            "labels": null,
            "machine_type": "e2-medium",
            "metadata": null,
            "metadata_fingerprint": "9Q99-UnsfqQ=",
            "metadata_startup_script": "#!/bin/bash\n\n# Update package lists\napt-get update\n\n# Install cephadm\nsudo apt install -y ceph docker.io",
            "min_cpu_platform": "",
            "name": "ceph-mgr",
            "network_interface": [
              {
                "access_config": [
                  {
                    "nat_ip": "35.205.242.35",
                    "network_tier": "PREMIUM",
                    "public_ptr_domain_name": ""
                  }
                ],
                "alias_ip_range": [],
                "internal_ipv6_prefix_length": 0,
                "ipv6_access_config": [],
                "ipv6_access_type": "",
                "ipv6_address": "",
                "name": "nic0",
                "network": "https://www.googleapis.com/compute/v1/projects/sys-admin-project-402817/global/networks/default",
                "network_ip": "10.132.0.17",
                "nic_type": "",
                "queue_count": 0,
                "stack_type": "IPV4_ONLY",
                "subnetwork": "https://www.googleapis.com/compute/v1/projects/sys-admin-project-402817/regions/europe-west1/subnetworks/default",
                "subnetwork_project": "sys-admin-project-402817"
              }
            ],
            "network_performance_config": [],
            "params": [],
            "project": "sys-admin-project-402817",
            "reservation_affinity": [],
            "resource_policies": null,
            "scheduling": [
              {
                "automatic_restart": true,
                "instance_termination_action": "",
                "local_ssd_recovery_timeout": [],
                "min_node_cpus": 0,
                "node_affinities": [],
                "on_host_maintenance": "MIGRATE",
                "preemptible": false,
                "provisioning_model": "STANDARD"
              }
            ],
            "scratch_disk": [],
            "self_link": "https://www.googleapis.com/compute/v1/projects/sys-admin-project-402817/zones/europe-west1-b/instances/ceph-mgr",
            "service_account": [],
            "shielded_instance_config": [
              {
                "enable_integrity_monitoring": true,
                "enable_secure_boot": false,
                "enable_vtpm": true
              }
            ],
            "tags": [
              "ceph-nodes"
            ],
            "tags_fingerprint": "fE7w0wKG0kM=",
            "terraform_labels": {},
            "timeouts": null,
            "zone": "europe-west1-b"
          },
          "sensitive_attributes": [],
          "private": "eyJlMmJmYjczMC1lY2FhLTExZTYtOGY4OC0zNDM2M2JjN2M0YzAiOnsiY3JlYXRlIjoxMjAwMDAwMDAwMDAwLCJkZWxldGUiOjEyMDAwMDAwMDAwMDAsInVwZGF0ZSI6MTIwMDAwMDAwMDAwMH0sInNjaGVtYV92ZXJzaW9uIjoiNiJ9",
          "dependencies": [
            "module.mgr.google_compute_address.mgr_reserved_external_ip",
            "module.mgr.google_compute_address.mgr_reserved_internal_ip"
          ]
        }
      ]
    },
    {
      "module": "module.mon",
      "mode": "managed",
      "type": "google_compute_address",
      "name": "mon_reserved_external_ip",
      "provider": "provider[\"registry.terraform.io/hashicorp/google\"]",
      "instances": [
        {
          "schema_version": 0,
          "attributes": {
            "address": "35.187.27.91",
            "address_type": "EXTERNAL",
            "creation_timestamp": "2023-11-28T03:42:32.076-08:00",
            "description": "",
            "effective_labels": {},
            "id": "projects/sys-admin-project-402817/regions/europe-west1/addresses/mon-reserved-external-ip",
            "ip_version": "",
            "ipv6_endpoint_type": "",
            "label_fingerprint": "42WmSpB8rSM=",
            "labels": null,
            "name": "mon-reserved-external-ip",
            "network": "",
            "network_tier": "PREMIUM",
            "prefix_length": 0,
            "project": "sys-admin-project-402817",
            "purpose": "",
            "region": "europe-west1",
            "self_link": "https://www.googleapis.com/compute/v1/projects/sys-admin-project-402817/regions/europe-west1/addresses/mon-reserved-external-ip",
            "subnetwork": "",
            "terraform_labels": {},
            "timeouts": null,
            "users": []
          },
          "sensitive_attributes": [],
          "private": "eyJlMmJmYjczMC1lY2FhLTExZTYtOGY4OC0zNDM2M2JjN2M0YzAiOnsiY3JlYXRlIjoxMjAwMDAwMDAwMDAwLCJkZWxldGUiOjEyMDAwMDAwMDAwMDAsInVwZGF0ZSI6MTIwMDAwMDAwMDAwMH19"
        }
      ]
    },
    {
      "module": "module.mon",
      "mode": "managed",
      "type": "google_compute_address",
      "name": "mon_reserved_internal_ip",
      "provider": "provider[\"registry.terraform.io/hashicorp/google\"]",
      "instances": [
        {
          "schema_version": 0,
          "attributes": {
            "address": "10.132.0.22",
            "address_type": "INTERNAL",
            "creation_timestamp": "2023-11-28T03:42:32.128-08:00",
            "description": "",
            "effective_labels": {},
            "id": "projects/sys-admin-project-402817/regions/europe-west1/addresses/mon-reserved-internal-ip",
            "ip_version": "",
            "ipv6_endpoint_type": "",
            "label_fingerprint": "42WmSpB8rSM=",
            "labels": null,
            "name": "mon-reserved-internal-ip",
            "network": "",
            "network_tier": "PREMIUM",
            "prefix_length": 0,
            "project": "sys-admin-project-402817",
            "purpose": "GCE_ENDPOINT",
            "region": "europe-west1",
            "self_link": "https://www.googleapis.com/compute/v1/projects/sys-admin-project-402817/regions/europe-west1/addresses/mon-reserved-internal-ip",
            "subnetwork": "https://www.googleapis.com/compute/v1/projects/sys-admin-project-402817/regions/europe-west1/subnetworks/default",
            "terraform_labels": {},
            "timeouts": null,
            "users": []
          },
          "sensitive_attributes": [],
          "private": "eyJlMmJmYjczMC1lY2FhLTExZTYtOGY4OC0zNDM2M2JjN2M0YzAiOnsiY3JlYXRlIjoxMjAwMDAwMDAwMDAwLCJkZWxldGUiOjEyMDAwMDAwMDAwMDAsInVwZGF0ZSI6MTIwMDAwMDAwMDAwMH19"
        }
      ]
    },
    {
      "module": "module.mon",
      "mode": "managed",
      "type": "google_compute_instance",
      "name": "mon_instance",
      "provider": "provider[\"registry.terraform.io/hashicorp/google\"]",
      "instances": [
        {
          "schema_version": 6,
          "attributes": {
            "advanced_machine_features": [],
            "allow_stopping_for_update": null,
            "attached_disk": [],
            "boot_disk": [
              {
                "auto_delete": true,
                "device_name": "persistent-disk-0",
                "disk_encryption_key_raw": "",
                "disk_encryption_key_sha256": "",
                "initialize_params": [
                  {
                    "image": "https://www.googleapis.com/compute/v1/projects/ubuntu-os-cloud/global/images/ubuntu-2004-focal-v20231101",
                    "labels": {},
                    "resource_manager_tags": null,
                    "size": 10,
                    "type": "pd-standard"
                  }
                ],
                "kms_key_self_link": "",
                "mode": "READ_WRITE",
                "source": "https://www.googleapis.com/compute/v1/projects/sys-admin-project-402817/zones/europe-west1-b/disks/ceph-mon"
              }
            ],
            "can_ip_forward": false,
            "confidential_instance_config": [],
            "cpu_platform": "Intel Broadwell",
            "current_status": "RUNNING",
            "deletion_protection": false,
            "description": "",
            "desired_status": null,
            "effective_labels": {},
            "enable_display": false,
            "guest_accelerator": [],
            "hostname": "",
            "id": "projects/sys-admin-project-402817/zones/europe-west1-b/instances/ceph-mon",
            "instance_id": "3659983447025806554",
            "label_fingerprint": "42WmSpB8rSM=",
            "labels": null,
            "machine_type": "e2-medium",
            "metadata": null,
            "metadata_fingerprint": "DCkWCuKA8cY=",
            "metadata_startup_script": "#!/bin/bash\n\n# Update package lists\napt-get update\n\n# Install cephadm\nsudo apt install -y ceph cephadm docker.io",
            "min_cpu_platform": "",
            "name": "ceph-mon",
            "network_interface": [
              {
                "access_config": [
                  {
                    "nat_ip": "35.187.27.91",
                    "network_tier": "PREMIUM",
                    "public_ptr_domain_name": ""
                  }
                ],
                "alias_ip_range": [],
                "internal_ipv6_prefix_length": 0,
                "ipv6_access_config": [],
                "ipv6_access_type": "",
                "ipv6_address": "",
                "name": "nic0",
                "network": "https://www.googleapis.com/compute/v1/projects/sys-admin-project-402817/global/networks/default",
                "network_ip": "10.132.0.22",
                "nic_type": "",
                "queue_count": 0,
                "stack_type": "IPV4_ONLY",
                "subnetwork": "https://www.googleapis.com/compute/v1/projects/sys-admin-project-402817/regions/europe-west1/subnetworks/default",
                "subnetwork_project": "sys-admin-project-402817"
              }
            ],
            "network_performance_config": [],
            "params": [],
            "project": "sys-admin-project-402817",
            "reservation_affinity": [],
            "resource_policies": null,
            "scheduling": [
              {
                "automatic_restart": true,
                "instance_termination_action": "",
                "local_ssd_recovery_timeout": [],
                "min_node_cpus": 0,
                "node_affinities": [],
                "on_host_maintenance": "MIGRATE",
                "preemptible": false,
                "provisioning_model": "STANDARD"
              }
            ],
            "scratch_disk": [],
            "self_link": "https://www.googleapis.com/compute/v1/projects/sys-admin-project-402817/zones/europe-west1-b/instances/ceph-mon",
            "service_account": [],
            "shielded_instance_config": [
              {
                "enable_integrity_monitoring": true,
                "enable_secure_boot": false,
                "enable_vtpm": true
              }
            ],
            "tags": [
              "ceph-nodes"
            ],
            "tags_fingerprint": "fE7w0wKG0kM=",
            "terraform_labels": {},
            "timeouts": null,
            "zone": "europe-west1-b"
          },
          "sensitive_attributes": [],
          "private": "eyJlMmJmYjczMC1lY2FhLTExZTYtOGY4OC0zNDM2M2JjN2M0YzAiOnsiY3JlYXRlIjoxMjAwMDAwMDAwMDAwLCJkZWxldGUiOjEyMDAwMDAwMDAwMDAsInVwZGF0ZSI6MTIwMDAwMDAwMDAwMH0sInNjaGVtYV92ZXJzaW9uIjoiNiJ9",
          "dependencies": [
            "module.mon.google_compute_address.mon_reserved_external_ip",
            "module.mon.google_compute_address.mon_reserved_internal_ip"
          ]
        }
      ]
    },
    {
      "module": "module.osd",
      "mode": "managed",
      "type": "google_compute_address",
      "name": "osd_reserved_external_ip",
      "provider": "provider[\"registry.terraform.io/hashicorp/google\"]",
      "instances": [
        {
          "index_key": 0,
          "schema_version": 0,
          "attributes": {
            "address": "35.240.113.35",
            "address_type": "EXTERNAL",
            "creation_timestamp": "2023-11-28T03:42:31.875-08:00",
            "description": "",
            "effective_labels": {},
            "id": "projects/sys-admin-project-402817/regions/europe-west1/addresses/osd-reserved-external-ip-0",
            "ip_version": "",
            "ipv6_endpoint_type": "",
            "label_fingerprint": "42WmSpB8rSM=",
            "labels": null,
            "name": "osd-reserved-external-ip-0",
            "network": "",
            "network_tier": "PREMIUM",
            "prefix_length": 0,
            "project": "sys-admin-project-402817",
            "purpose": "",
            "region": "europe-west1",
            "self_link": "https://www.googleapis.com/compute/v1/projects/sys-admin-project-402817/regions/europe-west1/addresses/osd-reserved-external-ip-0",
            "subnetwork": "",
            "terraform_labels": {},
            "timeouts": null,
            "users": []
          },
          "sensitive_attributes": [],
          "private": "eyJlMmJmYjczMC1lY2FhLTExZTYtOGY4OC0zNDM2M2JjN2M0YzAiOnsiY3JlYXRlIjoxMjAwMDAwMDAwMDAwLCJkZWxldGUiOjEyMDAwMDAwMDAwMDAsInVwZGF0ZSI6MTIwMDAwMDAwMDAwMH19"
        },
        {
          "index_key": 1,
          "schema_version": 0,
          "attributes": {
            "address": "34.38.39.86",
            "address_type": "EXTERNAL",
            "creation_timestamp": "2023-11-28T03:42:20.684-08:00",
            "description": "",
            "effective_labels": {},
            "id": "projects/sys-admin-project-402817/regions/europe-west1/addresses/osd-reserved-external-ip-1",
            "ip_version": "",
            "ipv6_endpoint_type": "",
            "label_fingerprint": "42WmSpB8rSM=",
            "labels": null,
            "name": "osd-reserved-external-ip-1",
            "network": "",
            "network_tier": "PREMIUM",
            "prefix_length": 0,
            "project": "sys-admin-project-402817",
            "purpose": "",
            "region": "europe-west1",
            "self_link": "https://www.googleapis.com/compute/v1/projects/sys-admin-project-402817/regions/europe-west1/addresses/osd-reserved-external-ip-1",
            "subnetwork": "",
            "terraform_labels": {},
            "timeouts": null,
            "users": []
          },
          "sensitive_attributes": [],
          "private": "eyJlMmJmYjczMC1lY2FhLTExZTYtOGY4OC0zNDM2M2JjN2M0YzAiOnsiY3JlYXRlIjoxMjAwMDAwMDAwMDAwLCJkZWxldGUiOjEyMDAwMDAwMDAwMDAsInVwZGF0ZSI6MTIwMDAwMDAwMDAwMH19"
        }
      ]
    },
    {
      "module": "module.osd",
      "mode": "managed",
      "type": "google_compute_address",
      "name": "osd_reserved_internal_ip",
      "provider": "provider[\"registry.terraform.io/hashicorp/google\"]",
      "instances": [
        {
          "index_key": 0,
          "schema_version": 0,
          "attributes": {
            "address": "10.132.0.20",
            "address_type": "INTERNAL",
            "creation_timestamp": "2023-11-28T03:42:20.799-08:00",
            "description": "",
            "effective_labels": {},
            "id": "projects/sys-admin-project-402817/regions/europe-west1/addresses/osd-reserved-internal-ip-0",
            "ip_version": "",
            "ipv6_endpoint_type": "",
            "label_fingerprint": "42WmSpB8rSM=",
            "labels": null,
            "name": "osd-reserved-internal-ip-0",
            "network": "",
            "network_tier": "PREMIUM",
            "prefix_length": 0,
            "project": "sys-admin-project-402817",
            "purpose": "GCE_ENDPOINT",
            "region": "europe-west1",
            "self_link": "https://www.googleapis.com/compute/v1/projects/sys-admin-project-402817/regions/europe-west1/addresses/osd-reserved-internal-ip-0",
            "subnetwork": "https://www.googleapis.com/compute/v1/projects/sys-admin-project-402817/regions/europe-west1/subnetworks/default",
            "terraform_labels": {},
            "timeouts": null,
            "users": []
          },
          "sensitive_attributes": [],
          "private": "eyJlMmJmYjczMC1lY2FhLTExZTYtOGY4OC0zNDM2M2JjN2M0YzAiOnsiY3JlYXRlIjoxMjAwMDAwMDAwMDAwLCJkZWxldGUiOjEyMDAwMDAwMDAwMDAsInVwZGF0ZSI6MTIwMDAwMDAwMDAwMH19"
        },
        {
          "index_key": 1,
          "schema_version": 0,
          "attributes": {
            "address": "10.132.0.26",
            "address_type": "INTERNAL",
            "creation_timestamp": "2023-11-28T03:42:31.994-08:00",
            "description": "",
            "effective_labels": {},
            "id": "projects/sys-admin-project-402817/regions/europe-west1/addresses/osd-reserved-internal-ip-1",
            "ip_version": "",
            "ipv6_endpoint_type": "",
            "label_fingerprint": "42WmSpB8rSM=",
            "labels": null,
            "name": "osd-reserved-internal-ip-1",
            "network": "",
            "network_tier": "PREMIUM",
            "prefix_length": 0,
            "project": "sys-admin-project-402817",
            "purpose": "GCE_ENDPOINT",
            "region": "europe-west1",
            "self_link": "https://www.googleapis.com/compute/v1/projects/sys-admin-project-402817/regions/europe-west1/addresses/osd-reserved-internal-ip-1",
            "subnetwork": "https://www.googleapis.com/compute/v1/projects/sys-admin-project-402817/regions/europe-west1/subnetworks/default",
            "terraform_labels": {},
            "timeouts": null,
            "users": []
          },
          "sensitive_attributes": [],
          "private": "eyJlMmJmYjczMC1lY2FhLTExZTYtOGY4OC0zNDM2M2JjN2M0YzAiOnsiY3JlYXRlIjoxMjAwMDAwMDAwMDAwLCJkZWxldGUiOjEyMDAwMDAwMDAwMDAsInVwZGF0ZSI6MTIwMDAwMDAwMDAwMH19"
        }
      ]
    },
    {
      "module": "module.osd",
      "mode": "managed",
      "type": "google_compute_disk",
      "name": "osd_data_disk",
      "provider": "provider[\"registry.terraform.io/hashicorp/google\"]",
      "instances": [
        {
          "index_key": 0,
          "schema_version": 0,
          "attributes": {
            "async_primary_disk": [],
            "creation_timestamp": "2023-11-28T03:42:20.503-08:00",
            "description": "",
            "disk_encryption_key": [],
            "effective_labels": {},
            "guest_os_features": [],
            "id": "projects/sys-admin-project-402817/zones/europe-west1-b/disks/ceph-osd-data-disk-0",
            "image": "",
            "label_fingerprint": "42WmSpB8rSM=",
            "labels": null,
            "last_attach_timestamp": "",
            "last_detach_timestamp": "",
            "licenses": [],
            "name": "ceph-osd-data-disk-0",
            "physical_block_size_bytes": 4096,
            "project": "sys-admin-project-402817",
            "provisioned_iops": 0,
            "provisioned_throughput": 0,
            "self_link": "https://www.googleapis.com/compute/v1/projects/sys-admin-project-402817/zones/europe-west1-b/disks/ceph-osd-data-disk-0",
            "size": 10,
            "snapshot": "",
            "source_disk": "",
            "source_disk_id": "",
            "source_image_encryption_key": [],
            "source_image_id": "",
            "source_snapshot_encryption_key": [],
            "source_snapshot_id": "",
            "terraform_labels": {},
            "timeouts": null,
            "type": "pd-standard",
            "users": [],
            "zone": "europe-west1-b"
          },
          "sensitive_attributes": [],
          "private": "eyJlMmJmYjczMC1lY2FhLTExZTYtOGY4OC0zNDM2M2JjN2M0YzAiOnsiY3JlYXRlIjoxMjAwMDAwMDAwMDAwLCJkZWxldGUiOjEyMDAwMDAwMDAwMDAsInVwZGF0ZSI6MTIwMDAwMDAwMDAwMH19"
        },
        {
          "index_key": 1,
          "schema_version": 0,
          "attributes": {
            "async_primary_disk": [],
            "creation_timestamp": "2023-11-28T03:42:20.408-08:00",
            "description": "",
            "disk_encryption_key": [],
            "effective_labels": {},
            "guest_os_features": [],
            "id": "projects/sys-admin-project-402817/zones/europe-west1-b/disks/ceph-osd-data-disk-1",
            "image": "",
            "label_fingerprint": "42WmSpB8rSM=",
            "labels": null,
            "last_attach_timestamp": "",
            "last_detach_timestamp": "",
            "licenses": [],
            "name": "ceph-osd-data-disk-1",
            "physical_block_size_bytes": 4096,
            "project": "sys-admin-project-402817",
            "provisioned_iops": 0,
            "provisioned_throughput": 0,
            "self_link": "https://www.googleapis.com/compute/v1/projects/sys-admin-project-402817/zones/europe-west1-b/disks/ceph-osd-data-disk-1",
            "size": 10,
            "snapshot": "",
            "source_disk": "",
            "source_disk_id": "",
            "source_image_encryption_key": [],
            "source_image_id": "",
            "source_snapshot_encryption_key": [],
            "source_snapshot_id": "",
            "terraform_labels": {},
            "timeouts": null,
            "type": "pd-standard",
            "users": [],
            "zone": "europe-west1-b"
          },
          "sensitive_attributes": [],
          "private": "eyJlMmJmYjczMC1lY2FhLTExZTYtOGY4OC0zNDM2M2JjN2M0YzAiOnsiY3JlYXRlIjoxMjAwMDAwMDAwMDAwLCJkZWxldGUiOjEyMDAwMDAwMDAwMDAsInVwZGF0ZSI6MTIwMDAwMDAwMDAwMH19"
        }
      ]
    },
    {
      "module": "module.osd",
      "mode": "managed",
      "type": "google_compute_instance",
      "name": "osd_instance",
      "provider": "provider[\"registry.terraform.io/hashicorp/google\"]",
      "instances": [
        {
          "index_key": 0,
          "schema_version": 6,
          "attributes": {
            "advanced_machine_features": [],
            "allow_stopping_for_update": null,
            "attached_disk": [
              {
                "device_name": "persistent-disk-1",
                "disk_encryption_key_raw": "",
                "disk_encryption_key_sha256": "",
                "kms_key_self_link": "",
                "mode": "READ_WRITE",
                "source": "https://www.googleapis.com/compute/v1/projects/sys-admin-project-402817/zones/europe-west1-b/disks/ceph-osd-data-disk-0"
              }
            ],
            "boot_disk": [
              {
                "auto_delete": true,
                "device_name": "persistent-disk-0",
                "disk_encryption_key_raw": "",
                "disk_encryption_key_sha256": "",
                "initialize_params": [
                  {
                    "image": "https://www.googleapis.com/compute/v1/projects/ubuntu-os-cloud/global/images/ubuntu-2004-focal-v20231101",
                    "labels": {},
                    "resource_manager_tags": null,
                    "size": 10,
                    "type": "pd-standard"
                  }
                ],
                "kms_key_self_link": "",
                "mode": "READ_WRITE",
                "source": "https://www.googleapis.com/compute/v1/projects/sys-admin-project-402817/zones/europe-west1-b/disks/ceph-osd-0"
              }
            ],
            "can_ip_forward": false,
            "confidential_instance_config": [],
            "cpu_platform": "Intel Broadwell",
            "current_status": "RUNNING",
            "deletion_protection": false,
            "description": "",
            "desired_status": null,
            "effective_labels": {},
            "enable_display": false,
            "guest_accelerator": [],
            "hostname": "",
            "id": "projects/sys-admin-project-402817/zones/europe-west1-b/instances/ceph-osd-0",
            "instance_id": "8739470933897014491",
            "label_fingerprint": "42WmSpB8rSM=",
            "labels": null,
            "machine_type": "e2-medium",
            "metadata": null,
            "metadata_fingerprint": "9Q99-UnsfqQ=",
            "metadata_startup_script": "#!/bin/bash\n\n# Update package lists\napt-get update\n\n# Install cephadm\nsudo apt install -y ceph docker.io",
            "min_cpu_platform": "",
            "name": "ceph-osd-0",
            "network_interface": [
              {
                "access_config": [
                  {
                    "nat_ip": "35.240.113.35",
                    "network_tier": "PREMIUM",
                    "public_ptr_domain_name": ""
                  }
                ],
                "alias_ip_range": [],
                "internal_ipv6_prefix_length": 0,
                "ipv6_access_config": [],
                "ipv6_access_type": "",
                "ipv6_address": "",
                "name": "nic0",
                "network": "https://www.googleapis.com/compute/v1/projects/sys-admin-project-402817/global/networks/default",
                "network_ip": "10.132.0.20",
                "nic_type": "",
                "queue_count": 0,
                "stack_type": "IPV4_ONLY",
                "subnetwork": "https://www.googleapis.com/compute/v1/projects/sys-admin-project-402817/regions/europe-west1/subnetworks/default",
                "subnetwork_project": "sys-admin-project-402817"
              }
            ],
            "network_performance_config": [],
            "params": [],
            "project": "sys-admin-project-402817",
            "reservation_affinity": [],
            "resource_policies": null,
            "scheduling": [
              {
                "automatic_restart": true,
                "instance_termination_action": "",
                "local_ssd_recovery_timeout": [],
                "min_node_cpus": 0,
                "node_affinities": [],
                "on_host_maintenance": "MIGRATE",
                "preemptible": false,
                "provisioning_model": "STANDARD"
              }
            ],
            "scratch_disk": [],
            "self_link": "https://www.googleapis.com/compute/v1/projects/sys-admin-project-402817/zones/europe-west1-b/instances/ceph-osd-0",
            "service_account": [],
            "shielded_instance_config": [
              {
                "enable_integrity_monitoring": true,
                "enable_secure_boot": false,
                "enable_vtpm": true
              }
            ],
            "tags": [
              "ceph-nodes"
            ],
            "tags_fingerprint": "fE7w0wKG0kM=",
            "terraform_labels": {},
            "timeouts": null,
            "zone": "europe-west1-b"
          },
          "sensitive_attributes": [],
          "private": "eyJlMmJmYjczMC1lY2FhLTExZTYtOGY4OC0zNDM2M2JjN2M0YzAiOnsiY3JlYXRlIjoxMjAwMDAwMDAwMDAwLCJkZWxldGUiOjEyMDAwMDAwMDAwMDAsInVwZGF0ZSI6MTIwMDAwMDAwMDAwMH0sInNjaGVtYV92ZXJzaW9uIjoiNiJ9",
          "dependencies": [
            "module.osd.google_compute_address.osd_reserved_external_ip",
            "module.osd.google_compute_address.osd_reserved_internal_ip",
            "module.osd.google_compute_disk.osd_data_disk"
          ]
        },
        {
          "index_key": 1,
          "schema_version": 6,
          "attributes": {
            "advanced_machine_features": [],
            "allow_stopping_for_update": null,
            "attached_disk": [
              {
                "device_name": "persistent-disk-1",
                "disk_encryption_key_raw": "",
                "disk_encryption_key_sha256": "",
                "kms_key_self_link": "",
                "mode": "READ_WRITE",
                "source": "https://www.googleapis.com/compute/v1/projects/sys-admin-project-402817/zones/europe-west1-b/disks/ceph-osd-data-disk-1"
              }
            ],
            "boot_disk": [
              {
                "auto_delete": true,
                "device_name": "persistent-disk-0",
                "disk_encryption_key_raw": "",
                "disk_encryption_key_sha256": "",
                "initialize_params": [
                  {
                    "image": "https://www.googleapis.com/compute/v1/projects/ubuntu-os-cloud/global/images/ubuntu-2004-focal-v20231101",
                    "labels": {},
                    "resource_manager_tags": null,
                    "size": 10,
                    "type": "pd-standard"
                  }
                ],
                "kms_key_self_link": "",
                "mode": "READ_WRITE",
                "source": "https://www.googleapis.com/compute/v1/projects/sys-admin-project-402817/zones/europe-west1-b/disks/ceph-osd-1"
              }
            ],
            "can_ip_forward": false,
            "confidential_instance_config": [],
            "cpu_platform": "Intel Broadwell",
            "current_status": "RUNNING",
            "deletion_protection": false,
            "description": "",
            "desired_status": null,
            "effective_labels": {},
            "enable_display": false,
            "guest_accelerator": [],
            "hostname": "",
            "id": "projects/sys-admin-project-402817/zones/europe-west1-b/instances/ceph-osd-1",
            "instance_id": "5315726595565579482",
            "label_fingerprint": "42WmSpB8rSM=",
            "labels": null,
            "machine_type": "e2-medium",
            "metadata": null,
            "metadata_fingerprint": "9Q99-UnsfqQ=",
            "metadata_startup_script": "#!/bin/bash\n\n# Update package lists\napt-get update\n\n# Install cephadm\nsudo apt install -y ceph docker.io",
            "min_cpu_platform": "",
            "name": "ceph-osd-1",
            "network_interface": [
              {
                "access_config": [
                  {
                    "nat_ip": "34.38.39.86",
                    "network_tier": "PREMIUM",
                    "public_ptr_domain_name": ""
                  }
                ],
                "alias_ip_range": [],
                "internal_ipv6_prefix_length": 0,
                "ipv6_access_config": [],
                "ipv6_access_type": "",
                "ipv6_address": "",
                "name": "nic0",
                "network": "https://www.googleapis.com/compute/v1/projects/sys-admin-project-402817/global/networks/default",
                "network_ip": "10.132.0.26",
                "nic_type": "",
                "queue_count": 0,
                "stack_type": "IPV4_ONLY",
                "subnetwork": "https://www.googleapis.com/compute/v1/projects/sys-admin-project-402817/regions/europe-west1/subnetworks/default",
                "subnetwork_project": "sys-admin-project-402817"
              }
            ],
            "network_performance_config": [],
            "params": [],
            "project": "sys-admin-project-402817",
            "reservation_affinity": [],
            "resource_policies": null,
            "scheduling": [
              {
                "automatic_restart": true,
                "instance_termination_action": "",
                "local_ssd_recovery_timeout": [],
                "min_node_cpus": 0,
                "node_affinities": [],
                "on_host_maintenance": "MIGRATE",
                "preemptible": false,
                "provisioning_model": "STANDARD"
              }
            ],
            "scratch_disk": [],
            "self_link": "https://www.googleapis.com/compute/v1/projects/sys-admin-project-402817/zones/europe-west1-b/instances/ceph-osd-1",
            "service_account": [],
            "shielded_instance_config": [
              {
                "enable_integrity_monitoring": true,
                "enable_secure_boot": false,
                "enable_vtpm": true
              }
            ],
            "tags": [
              "ceph-nodes"
            ],
            "tags_fingerprint": "fE7w0wKG0kM=",
            "terraform_labels": {},
            "timeouts": null,
            "zone": "europe-west1-b"
          },
          "sensitive_attributes": [],
          "private": "eyJlMmJmYjczMC1lY2FhLTExZTYtOGY4OC0zNDM2M2JjN2M0YzAiOnsiY3JlYXRlIjoxMjAwMDAwMDAwMDAwLCJkZWxldGUiOjEyMDAwMDAwMDAwMDAsInVwZGF0ZSI6MTIwMDAwMDAwMDAwMH0sInNjaGVtYV92ZXJzaW9uIjoiNiJ9",
          "dependencies": [
            "module.osd.google_compute_address.osd_reserved_external_ip",
            "module.osd.google_compute_address.osd_reserved_internal_ip",
            "module.osd.google_compute_disk.osd_data_disk"
          ]
        }
      ]
    },
    {
      "module": "module.rbd",
      "mode": "managed",
      "type": "google_compute_address",
      "name": "rbd_reserved_external_ip",
      "provider": "provider[\"registry.terraform.io/hashicorp/google\"]",
      "instances": [
        {
          "schema_version": 0,
          "attributes": {
            "address": "104.199.12.216",
            "address_type": "EXTERNAL",
            "creation_timestamp": "2023-11-28T03:42:31.963-08:00",
            "description": "",
            "effective_labels": {},
            "id": "projects/sys-admin-project-402817/regions/europe-west1/addresses/rbd-reserved-external-ip",
            "ip_version": "",
            "ipv6_endpoint_type": "",
            "label_fingerprint": "42WmSpB8rSM=",
            "labels": null,
            "name": "rbd-reserved-external-ip",
            "network": "",
            "network_tier": "PREMIUM",
            "prefix_length": 0,
            "project": "sys-admin-project-402817",
            "purpose": "",
            "region": "europe-west1",
            "self_link": "https://www.googleapis.com/compute/v1/projects/sys-admin-project-402817/regions/europe-west1/addresses/rbd-reserved-external-ip",
            "subnetwork": "",
            "terraform_labels": {},
            "timeouts": null,
            "users": []
          },
          "sensitive_attributes": [],
          "private": "eyJlMmJmYjczMC1lY2FhLTExZTYtOGY4OC0zNDM2M2JjN2M0YzAiOnsiY3JlYXRlIjoxMjAwMDAwMDAwMDAwLCJkZWxldGUiOjEyMDAwMDAwMDAwMDAsInVwZGF0ZSI6MTIwMDAwMDAwMDAwMH19"
        }
      ]
    },
    {
      "module": "module.rbd",
      "mode": "managed",
      "type": "google_compute_address",
      "name": "rbd_reserved_internal_ip",
      "provider": "provider[\"registry.terraform.io/hashicorp/google\"]",
      "instances": [
        {
          "schema_version": 0,
          "attributes": {
            "address": "10.132.0.21",
            "address_type": "INTERNAL",
            "creation_timestamp": "2023-11-28T03:42:21.590-08:00",
            "description": "",
            "effective_labels": {},
            "id": "projects/sys-admin-project-402817/regions/europe-west1/addresses/rbd-reserved-internal-ip",
            "ip_version": "",
            "ipv6_endpoint_type": "",
            "label_fingerprint": "42WmSpB8rSM=",
            "labels": null,
            "name": "rbd-reserved-internal-ip",
            "network": "",
            "network_tier": "PREMIUM",
            "prefix_length": 0,
            "project": "sys-admin-project-402817",
            "purpose": "GCE_ENDPOINT",
            "region": "europe-west1",
            "self_link": "https://www.googleapis.com/compute/v1/projects/sys-admin-project-402817/regions/europe-west1/addresses/rbd-reserved-internal-ip",
            "subnetwork": "https://www.googleapis.com/compute/v1/projects/sys-admin-project-402817/regions/europe-west1/subnetworks/default",
            "terraform_labels": {},
            "timeouts": null,
            "users": []
          },
          "sensitive_attributes": [],
          "private": "eyJlMmJmYjczMC1lY2FhLTExZTYtOGY4OC0zNDM2M2JjN2M0YzAiOnsiY3JlYXRlIjoxMjAwMDAwMDAwMDAwLCJkZWxldGUiOjEyMDAwMDAwMDAwMDAsInVwZGF0ZSI6MTIwMDAwMDAwMDAwMH19"
        }
      ]
    },
    {
      "module": "module.rbd",
      "mode": "managed",
      "type": "google_compute_instance",
      "name": "rbd_client_instance",
      "provider": "provider[\"registry.terraform.io/hashicorp/google\"]",
      "instances": [
        {
          "schema_version": 6,
          "attributes": {
            "advanced_machine_features": [],
            "allow_stopping_for_update": null,
            "attached_disk": [],
            "boot_disk": [
              {
                "auto_delete": true,
                "device_name": "persistent-disk-0",
                "disk_encryption_key_raw": "",
                "disk_encryption_key_sha256": "",
                "initialize_params": [
                  {
                    "image": "https://www.googleapis.com/compute/v1/projects/ubuntu-os-cloud/global/images/ubuntu-2004-focal-v20231101",
                    "labels": {},
                    "resource_manager_tags": null,
                    "size": 10,
                    "type": "pd-standard"
                  }
                ],
                "kms_key_self_link": "",
                "mode": "READ_WRITE",
                "source": "https://www.googleapis.com/compute/v1/projects/sys-admin-project-402817/zones/europe-west1-b/disks/ceph-rbd-client"
              }
            ],
            "can_ip_forward": false,
            "confidential_instance_config": [],
            "cpu_platform": "Intel Broadwell",
            "current_status": "RUNNING",
            "deletion_protection": false,
            "description": "",
            "desired_status": null,
            "effective_labels": {},
            "enable_display": false,
            "guest_accelerator": [],
            "hostname": "",
            "id": "projects/sys-admin-project-402817/zones/europe-west1-b/instances/ceph-rbd-client",
            "instance_id": "1560048145009241307",
            "label_fingerprint": "42WmSpB8rSM=",
            "labels": null,
            "machine_type": "e2-medium",
            "metadata": null,
            "metadata_fingerprint": "9Q99-UnsfqQ=",
            "metadata_startup_script": "#!/bin/bash\n\n# Update package lists\napt-get update\n\n# Install cephadm\nsudo apt install -y ceph docker.io",
            "min_cpu_platform": "",
            "name": "ceph-rbd-client",
            "network_interface": [
              {
                "access_config": [
                  {
                    "nat_ip": "104.199.12.216",
                    "network_tier": "PREMIUM",
                    "public_ptr_domain_name": ""
                  }
                ],
                "alias_ip_range": [],
                "internal_ipv6_prefix_length": 0,
                "ipv6_access_config": [],
                "ipv6_access_type": "",
                "ipv6_address": "",
                "name": "nic0",
                "network": "https://www.googleapis.com/compute/v1/projects/sys-admin-project-402817/global/networks/default",
                "network_ip": "10.132.0.21",
                "nic_type": "",
                "queue_count": 0,
                "stack_type": "IPV4_ONLY",
                "subnetwork": "https://www.googleapis.com/compute/v1/projects/sys-admin-project-402817/regions/europe-west1/subnetworks/default",
                "subnetwork_project": "sys-admin-project-402817"
              }
            ],
            "network_performance_config": [],
            "params": [],
            "project": "sys-admin-project-402817",
            "reservation_affinity": [],
            "resource_policies": null,
            "scheduling": [
              {
                "automatic_restart": true,
                "instance_termination_action": "",
                "local_ssd_recovery_timeout": [],
                "min_node_cpus": 0,
                "node_affinities": [],
                "on_host_maintenance": "MIGRATE",
                "preemptible": false,
                "provisioning_model": "STANDARD"
              }
            ],
            "scratch_disk": [],
            "self_link": "https://www.googleapis.com/compute/v1/projects/sys-admin-project-402817/zones/europe-west1-b/instances/ceph-rbd-client",
            "service_account": [],
            "shielded_instance_config": [
              {
                "enable_integrity_monitoring": true,
                "enable_secure_boot": false,
                "enable_vtpm": true
              }
            ],
            "tags": [
              "ceph-nodes"
            ],
            "tags_fingerprint": "fE7w0wKG0kM=",
            "terraform_labels": {},
            "timeouts": null,
            "zone": "europe-west1-b"
          },
          "sensitive_attributes": [],
          "private": "eyJlMmJmYjczMC1lY2FhLTExZTYtOGY4OC0zNDM2M2JjN2M0YzAiOnsiY3JlYXRlIjoxMjAwMDAwMDAwMDAwLCJkZWxldGUiOjEyMDAwMDAwMDAwMDAsInVwZGF0ZSI6MTIwMDAwMDAwMDAwMH0sInNjaGVtYV92ZXJzaW9uIjoiNiJ9",
          "dependencies": [
            "module.rbd.google_compute_address.rbd_reserved_external_ip",
            "module.rbd.google_compute_address.rbd_reserved_internal_ip"
          ]
        }
      ]
    }
  ],
  "check_results": null
}
